// !$*UTF8*$!
{
	archiveVersion = 1;
	classes = {
	};
	objectVersion = 55;
	objects = {

/* Begin PBXBuildFile section */
		293EA57B27524A59003BC0E0 /* NetworkLayer.framework in Frameworks */ = {isa = PBXBuildFile; fileRef = 293EA57327524A58003BC0E0 /* NetworkLayer.framework */; };
		293EA58627524A59003BC0E0 /* NetworkLayer.framework in Frameworks */ = {isa = PBXBuildFile; fileRef = 293EA57327524A58003BC0E0 /* NetworkLayer.framework */; };
		293EA58727524A59003BC0E0 /* NetworkLayer.framework in Embed Frameworks */ = {isa = PBXBuildFile; fileRef = 293EA57327524A58003BC0E0 /* NetworkLayer.framework */; settings = {ATTRIBUTES = (CodeSignOnCopy, RemoveHeadersOnCopy, ); }; };
		293EA58E27524A67003BC0E0 /* URLQuery+Extension.swift in Sources */ = {isa = PBXBuildFile; fileRef = E57F4AF027468E7A00F25ACB /* URLQuery+Extension.swift */; };
		293EA58F27524A67003BC0E0 /* DefaultNetwork.swift in Sources */ = {isa = PBXBuildFile; fileRef = E57F4AAB274677B400F25ACB /* DefaultNetwork.swift */; };
		293EA59027524A67003BC0E0 /* NetworkProtocol.swift in Sources */ = {isa = PBXBuildFile; fileRef = E57F4AA92746778500F25ACB /* NetworkProtocol.swift */; };
		293EA59127524AF5003BC0E0 /* AnyDecoder.swift in Sources */ = {isa = PBXBuildFile; fileRef = E57F4AAE274677F600F25ACB /* AnyDecoder.swift */; };
		293EA59227524AF5003BC0E0 /* DefaultDecoder.swift in Sources */ = {isa = PBXBuildFile; fileRef = E57F4AB0274678A800F25ACB /* DefaultDecoder.swift */; };
		293EA59327524AF9003BC0E0 /* MockDecoder.swift in Sources */ = {isa = PBXBuildFile; fileRef = E57F4AB3274678CC00F25ACB /* MockDecoder.swift */; };
		293EA59927527B07003BC0E0 /* CacheAsyncImage.swift in Sources */ = {isa = PBXBuildFile; fileRef = 293EA59827527B06003BC0E0 /* CacheAsyncImage.swift */; };
		E55810AB2746E9BD004B8936 /* AppState.swift in Sources */ = {isa = PBXBuildFile; fileRef = E55810AA2746E9BD004B8936 /* AppState.swift */; };
		E55810AE2746F4DE004B8936 /* PropertyDetail.swift in Sources */ = {isa = PBXBuildFile; fileRef = E55810AD2746F4DE004B8936 /* PropertyDetail.swift */; };
		E55810B02746F55A004B8936 /* PropertyDetaiReducer.swift in Sources */ = {isa = PBXBuildFile; fileRef = E55810AF2746F55A004B8936 /* PropertyDetaiReducer.swift */; };
		E55810B827479011004B8936 /* REOTests.swift in Sources */ = {isa = PBXBuildFile; fileRef = E55810B727479011004B8936 /* REOTests.swift */; };
		E55810BF27479020004B8936 /* PropertyListTest.swift in Sources */ = {isa = PBXBuildFile; fileRef = E55810BE27479020004B8936 /* PropertyListTest.swift */; };
		E55810C12747A8DD004B8936 /* DefaultPropertyTests.swift in Sources */ = {isa = PBXBuildFile; fileRef = E55810C02747A8DD004B8936 /* DefaultPropertyTests.swift */; };
		E55810C42747B0B3004B8936 /* Api+Stubbing.swift in Sources */ = {isa = PBXBuildFile; fileRef = E55810C32747B0B3004B8936 /* Api+Stubbing.swift */; };
		E57F4A5527465C5F00F25ACB /* REOApp.swift in Sources */ = {isa = PBXBuildFile; fileRef = E57F4A5427465C5F00F25ACB /* REOApp.swift */; };
		E57F4A5927465C6000F25ACB /* Assets.xcassets in Resources */ = {isa = PBXBuildFile; fileRef = E57F4A5827465C6000F25ACB /* Assets.xcassets */; };
		E57F4A5C27465C6000F25ACB /* Preview Assets.xcassets in Resources */ = {isa = PBXBuildFile; fileRef = E57F4A5B27465C6000F25ACB /* Preview Assets.xcassets */; };
		E57F4A6427465CCF00F25ACB /* ComposableArchitecture in Frameworks */ = {isa = PBXBuildFile; productRef = E57F4A6327465CCF00F25ACB /* ComposableArchitecture */; };
		E57F4A6827465D8200F25ACB /* ProperyList.swift in Sources */ = {isa = PBXBuildFile; fileRef = E57F4A6727465D8200F25ACB /* ProperyList.swift */; };
		E57F4A6B27465EDE00F25ACB /* Theme.swift in Sources */ = {isa = PBXBuildFile; fileRef = E57F4A6A27465EDE00F25ACB /* Theme.swift */; };
		E57F4A6E2746657F00F25ACB /* PropertyItem.swift in Sources */ = {isa = PBXBuildFile; fileRef = E57F4A6D2746657F00F25ACB /* PropertyItem.swift */; };
		E57F4A702746687600F25ACB /* PropertyList+Reducer.swift in Sources */ = {isa = PBXBuildFile; fileRef = E57F4A6F2746687600F25ACB /* PropertyList+Reducer.swift */; };
		E57F4A792746746A00F25ACB /* Core.h in Headers */ = {isa = PBXBuildFile; fileRef = E57F4A782746746A00F25ACB /* Core.h */; settings = {ATTRIBUTES = (Public, ); }; };
		E57F4A7C2746746A00F25ACB /* Core.framework in Frameworks */ = {isa = PBXBuildFile; fileRef = E57F4A762746746A00F25ACB /* Core.framework */; };
		E57F4A7D2746746A00F25ACB /* Core.framework in Embed Frameworks */ = {isa = PBXBuildFile; fileRef = E57F4A762746746A00F25ACB /* Core.framework */; settings = {ATTRIBUTES = (CodeSignOnCopy, RemoveHeadersOnCopy, ); }; };
		E57F4A842746748600F25ACB /* Property.swift in Sources */ = {isa = PBXBuildFile; fileRef = E57F4A832746748600F25ACB /* Property.swift */; };
		E57F4A87274674D400F25ACB /* Property+Stubbing.swift in Sources */ = {isa = PBXBuildFile; fileRef = E57F4A86274674D400F25ACB /* Property+Stubbing.swift */; };
		E57F4AC12746882C00F25ACB /* PropertyListUsecases.swift in Sources */ = {isa = PBXBuildFile; fileRef = E57F4AC02746882C00F25ACB /* PropertyListUsecases.swift */; };
		E57F4AC52746894700F25ACB /* MockPropertyListUsecase.swift in Sources */ = {isa = PBXBuildFile; fileRef = E57F4AC42746894700F25ACB /* MockPropertyListUsecase.swift */; };
		E57F4AC7274689C400F25ACB /* PropperyList.swift in Sources */ = {isa = PBXBuildFile; fileRef = E57F4AC6274689C400F25ACB /* PropperyList.swift */; };
		E57F4AC9274689F200F25ACB /* PropertyList+Stubbing.swift in Sources */ = {isa = PBXBuildFile; fileRef = E57F4AC8274689F200F25ACB /* PropertyList+Stubbing.swift */; };
		E57F4AD727468B4000F25ACB /* Repository.framework in Frameworks */ = {isa = PBXBuildFile; fileRef = E57F4ACF27468B4000F25ACB /* Repository.framework */; };
		E57F4ADE27468B4000F25ACB /* RepositoryTests.swift in Sources */ = {isa = PBXBuildFile; fileRef = E57F4ADD27468B4000F25ACB /* RepositoryTests.swift */; };
		E57F4ADF27468B4000F25ACB /* Repository.h in Headers */ = {isa = PBXBuildFile; fileRef = E57F4AD127468B4000F25ACB /* Repository.h */; settings = {ATTRIBUTES = (Public, ); }; };
		E57F4AE227468B4000F25ACB /* Repository.framework in Frameworks */ = {isa = PBXBuildFile; fileRef = E57F4ACF27468B4000F25ACB /* Repository.framework */; };
		E57F4AE327468B4000F25ACB /* Repository.framework in Embed Frameworks */ = {isa = PBXBuildFile; fileRef = E57F4ACF27468B4000F25ACB /* Repository.framework */; settings = {ATTRIBUTES = (CodeSignOnCopy, RemoveHeadersOnCopy, ); }; };
		E57F4AEC27468BC300F25ACB /* DefaultPropertyListUsecases.swift in Sources */ = {isa = PBXBuildFile; fileRef = E57F4AEB27468BC300F25ACB /* DefaultPropertyListUsecases.swift */; };
		E57F4AEF27468C9300F25ACB /* Api.swift in Sources */ = {isa = PBXBuildFile; fileRef = E57F4AEE27468C9300F25ACB /* Api.swift */; };
		E57F4AF62746961900F25ACB /* Core.framework in Frameworks */ = {isa = PBXBuildFile; fileRef = E57F4A762746746A00F25ACB /* Core.framework */; };
		E57F4AF92746B30400F25ACB /* AppUsecases.swift in Sources */ = {isa = PBXBuildFile; fileRef = E57F4AF82746B30400F25ACB /* AppUsecases.swift */; };
/* End PBXBuildFile section */

/* Begin PBXContainerItemProxy section */
		293EA57C27524A59003BC0E0 /* PBXContainerItemProxy */ = {
			isa = PBXContainerItemProxy;
			containerPortal = E57F4A4927465C5F00F25ACB /* Project object */;
			proxyType = 1;
			remoteGlobalIDString = 293EA57227524A58003BC0E0;
			remoteInfo = NetworkLayer;
		};
		293EA57E27524A59003BC0E0 /* PBXContainerItemProxy */ = {
			isa = PBXContainerItemProxy;
			containerPortal = E57F4A4927465C5F00F25ACB /* Project object */;
			proxyType = 1;
			remoteGlobalIDString = E57F4A5027465C5F00F25ACB;
			remoteInfo = REO;
		};
		293EA58427524A59003BC0E0 /* PBXContainerItemProxy */ = {
			isa = PBXContainerItemProxy;
			containerPortal = E57F4A4927465C5F00F25ACB /* Project object */;
			proxyType = 1;
			remoteGlobalIDString = 293EA57227524A58003BC0E0;
			remoteInfo = NetworkLayer;
		};
		E55810B927479011004B8936 /* PBXContainerItemProxy */ = {
			isa = PBXContainerItemProxy;
			containerPortal = E57F4A4927465C5F00F25ACB /* Project object */;
			proxyType = 1;
			remoteGlobalIDString = E57F4A5027465C5F00F25ACB;
			remoteInfo = REO;
		};
		E57F4A7A2746746A00F25ACB /* PBXContainerItemProxy */ = {
			isa = PBXContainerItemProxy;
			containerPortal = E57F4A4927465C5F00F25ACB /* Project object */;
			proxyType = 1;
			remoteGlobalIDString = E57F4A752746746A00F25ACB;
			remoteInfo = Core;
		};
		E57F4AD827468B4000F25ACB /* PBXContainerItemProxy */ = {
			isa = PBXContainerItemProxy;
			containerPortal = E57F4A4927465C5F00F25ACB /* Project object */;
			proxyType = 1;
			remoteGlobalIDString = E57F4ACE27468B4000F25ACB;
			remoteInfo = Repository;
		};
		E57F4ADA27468B4000F25ACB /* PBXContainerItemProxy */ = {
			isa = PBXContainerItemProxy;
			containerPortal = E57F4A4927465C5F00F25ACB /* Project object */;
			proxyType = 1;
			remoteGlobalIDString = E57F4A5027465C5F00F25ACB;
			remoteInfo = REO;
		};
		E57F4AE027468B4000F25ACB /* PBXContainerItemProxy */ = {
			isa = PBXContainerItemProxy;
			containerPortal = E57F4A4927465C5F00F25ACB /* Project object */;
			proxyType = 1;
			remoteGlobalIDString = E57F4ACE27468B4000F25ACB;
			remoteInfo = Repository;
		};
/* End PBXContainerItemProxy section */

/* Begin PBXCopyFilesBuildPhase section */
		E57F4A812746746A00F25ACB /* Embed Frameworks */ = {
			isa = PBXCopyFilesBuildPhase;
			buildActionMask = 2147483647;
			dstPath = "";
			dstSubfolderSpec = 10;
			files = (
				E57F4A7D2746746A00F25ACB /* Core.framework in Embed Frameworks */,
				293EA58727524A59003BC0E0 /* NetworkLayer.framework in Embed Frameworks */,
				E57F4AE327468B4000F25ACB /* Repository.framework in Embed Frameworks */,
			);
			name = "Embed Frameworks";
			runOnlyForDeploymentPostprocessing = 0;
		};
/* End PBXCopyFilesBuildPhase section */

/* Begin PBXFileReference section */
		293EA57327524A58003BC0E0 /* NetworkLayer.framework */ = {isa = PBXFileReference; explicitFileType = wrapper.framework; includeInIndex = 0; path = NetworkLayer.framework; sourceTree = BUILT_PRODUCTS_DIR; };
		293EA57A27524A59003BC0E0 /* NetworkLayerTests.xctest */ = {isa = PBXFileReference; explicitFileType = wrapper.cfbundle; includeInIndex = 0; path = NetworkLayerTests.xctest; sourceTree = BUILT_PRODUCTS_DIR; };
		293EA59827527B06003BC0E0 /* CacheAsyncImage.swift */ = {isa = PBXFileReference; lastKnownFileType = sourcecode.swift; path = CacheAsyncImage.swift; sourceTree = "<group>"; };
		E55810AA2746E9BD004B8936 /* AppState.swift */ = {isa = PBXFileReference; lastKnownFileType = sourcecode.swift; path = AppState.swift; sourceTree = "<group>"; };
		E55810AD2746F4DE004B8936 /* PropertyDetail.swift */ = {isa = PBXFileReference; lastKnownFileType = sourcecode.swift; path = PropertyDetail.swift; sourceTree = "<group>"; };
		E55810AF2746F55A004B8936 /* PropertyDetaiReducer.swift */ = {isa = PBXFileReference; lastKnownFileType = sourcecode.swift; path = PropertyDetaiReducer.swift; sourceTree = "<group>"; };
		E55810B527479011004B8936 /* REOTests.xctest */ = {isa = PBXFileReference; explicitFileType = wrapper.cfbundle; includeInIndex = 0; path = REOTests.xctest; sourceTree = BUILT_PRODUCTS_DIR; };
		E55810B727479011004B8936 /* REOTests.swift */ = {isa = PBXFileReference; lastKnownFileType = sourcecode.swift; path = REOTests.swift; sourceTree = "<group>"; };
		E55810BE27479020004B8936 /* PropertyListTest.swift */ = {isa = PBXFileReference; lastKnownFileType = sourcecode.swift; path = PropertyListTest.swift; sourceTree = "<group>"; };
		E55810C02747A8DD004B8936 /* DefaultPropertyTests.swift */ = {isa = PBXFileReference; lastKnownFileType = sourcecode.swift; path = DefaultPropertyTests.swift; sourceTree = "<group>"; };
		E55810C32747B0B3004B8936 /* Api+Stubbing.swift */ = {isa = PBXFileReference; lastKnownFileType = sourcecode.swift; path = "Api+Stubbing.swift"; sourceTree = "<group>"; };
		E57F4A5127465C5F00F25ACB /* REO.app */ = {isa = PBXFileReference; explicitFileType = wrapper.application; includeInIndex = 0; path = REO.app; sourceTree = BUILT_PRODUCTS_DIR; };
		E57F4A5427465C5F00F25ACB /* REOApp.swift */ = {isa = PBXFileReference; lastKnownFileType = sourcecode.swift; path = REOApp.swift; sourceTree = "<group>"; };
		E57F4A5827465C6000F25ACB /* Assets.xcassets */ = {isa = PBXFileReference; lastKnownFileType = folder.assetcatalog; path = Assets.xcassets; sourceTree = "<group>"; };
		E57F4A5B27465C6000F25ACB /* Preview Assets.xcassets */ = {isa = PBXFileReference; lastKnownFileType = folder.assetcatalog; path = "Preview Assets.xcassets"; sourceTree = "<group>"; };
		E57F4A6727465D8200F25ACB /* ProperyList.swift */ = {isa = PBXFileReference; lastKnownFileType = sourcecode.swift; path = ProperyList.swift; sourceTree = "<group>"; };
		E57F4A6A27465EDE00F25ACB /* Theme.swift */ = {isa = PBXFileReference; lastKnownFileType = sourcecode.swift; path = Theme.swift; sourceTree = "<group>"; };
		E57F4A6D2746657F00F25ACB /* PropertyItem.swift */ = {isa = PBXFileReference; lastKnownFileType = sourcecode.swift; path = PropertyItem.swift; sourceTree = "<group>"; };
		E57F4A6F2746687600F25ACB /* PropertyList+Reducer.swift */ = {isa = PBXFileReference; lastKnownFileType = sourcecode.swift; path = "PropertyList+Reducer.swift"; sourceTree = "<group>"; };
		E57F4A762746746A00F25ACB /* Core.framework */ = {isa = PBXFileReference; explicitFileType = wrapper.framework; includeInIndex = 0; path = Core.framework; sourceTree = BUILT_PRODUCTS_DIR; };
		E57F4A782746746A00F25ACB /* Core.h */ = {isa = PBXFileReference; lastKnownFileType = sourcecode.c.h; path = Core.h; sourceTree = "<group>"; };
		E57F4A832746748600F25ACB /* Property.swift */ = {isa = PBXFileReference; lastKnownFileType = sourcecode.swift; path = Property.swift; sourceTree = "<group>"; };
		E57F4A86274674D400F25ACB /* Property+Stubbing.swift */ = {isa = PBXFileReference; lastKnownFileType = sourcecode.swift; path = "Property+Stubbing.swift"; sourceTree = "<group>"; };
		E57F4AA92746778500F25ACB /* NetworkProtocol.swift */ = {isa = PBXFileReference; lastKnownFileType = sourcecode.swift; path = NetworkProtocol.swift; sourceTree = "<group>"; };
		E57F4AAB274677B400F25ACB /* DefaultNetwork.swift */ = {isa = PBXFileReference; lastKnownFileType = sourcecode.swift; path = DefaultNetwork.swift; sourceTree = "<group>"; };
		E57F4AAE274677F600F25ACB /* AnyDecoder.swift */ = {isa = PBXFileReference; lastKnownFileType = sourcecode.swift; path = AnyDecoder.swift; sourceTree = "<group>"; };
		E57F4AB0274678A800F25ACB /* DefaultDecoder.swift */ = {isa = PBXFileReference; lastKnownFileType = sourcecode.swift; path = DefaultDecoder.swift; sourceTree = "<group>"; };
		E57F4AB3274678CC00F25ACB /* MockDecoder.swift */ = {isa = PBXFileReference; lastKnownFileType = sourcecode.swift; path = MockDecoder.swift; sourceTree = "<group>"; };
		E57F4AB52746795600F25ACB /* MockNetwork.swift.swift */ = {isa = PBXFileReference; lastKnownFileType = sourcecode.swift; path = MockNetwork.swift.swift; sourceTree = "<group>"; };
		E57F4AB8274679E200F25ACB /* DecoderTest.swift */ = {isa = PBXFileReference; lastKnownFileType = sourcecode.swift; path = DecoderTest.swift; sourceTree = "<group>"; };
		E57F4ABB27467A8700F25ACB /* DefaultDecodet+Stubbing.swift */ = {isa = PBXFileReference; lastKnownFileType = sourcecode.swift; path = "DefaultDecodet+Stubbing.swift"; sourceTree = "<group>"; };
		E57F4ABE27467B0500F25ACB /* DefaultNetworkTests.swift */ = {isa = PBXFileReference; lastKnownFileType = sourcecode.swift; path = DefaultNetworkTests.swift; sourceTree = "<group>"; };
		E57F4AC02746882C00F25ACB /* PropertyListUsecases.swift */ = {isa = PBXFileReference; lastKnownFileType = sourcecode.swift; path = PropertyListUsecases.swift; sourceTree = "<group>"; };
		E57F4AC42746894700F25ACB /* MockPropertyListUsecase.swift */ = {isa = PBXFileReference; lastKnownFileType = sourcecode.swift; path = MockPropertyListUsecase.swift; sourceTree = "<group>"; };
		E57F4AC6274689C400F25ACB /* PropperyList.swift */ = {isa = PBXFileReference; lastKnownFileType = sourcecode.swift; path = PropperyList.swift; sourceTree = "<group>"; };
		E57F4AC8274689F200F25ACB /* PropertyList+Stubbing.swift */ = {isa = PBXFileReference; lastKnownFileType = sourcecode.swift; path = "PropertyList+Stubbing.swift"; sourceTree = "<group>"; };
		E57F4ACF27468B4000F25ACB /* Repository.framework */ = {isa = PBXFileReference; explicitFileType = wrapper.framework; includeInIndex = 0; path = Repository.framework; sourceTree = BUILT_PRODUCTS_DIR; };
		E57F4AD127468B4000F25ACB /* Repository.h */ = {isa = PBXFileReference; lastKnownFileType = sourcecode.c.h; path = Repository.h; sourceTree = "<group>"; };
		E57F4AD627468B4000F25ACB /* RepositoryTests.xctest */ = {isa = PBXFileReference; explicitFileType = wrapper.cfbundle; includeInIndex = 0; path = RepositoryTests.xctest; sourceTree = BUILT_PRODUCTS_DIR; };
		E57F4ADD27468B4000F25ACB /* RepositoryTests.swift */ = {isa = PBXFileReference; lastKnownFileType = sourcecode.swift; path = RepositoryTests.swift; sourceTree = "<group>"; };
		E57F4AEB27468BC300F25ACB /* DefaultPropertyListUsecases.swift */ = {isa = PBXFileReference; lastKnownFileType = sourcecode.swift; path = DefaultPropertyListUsecases.swift; sourceTree = "<group>"; };
		E57F4AEE27468C9300F25ACB /* Api.swift */ = {isa = PBXFileReference; lastKnownFileType = sourcecode.swift; path = Api.swift; sourceTree = "<group>"; };
		E57F4AF027468E7A00F25ACB /* URLQuery+Extension.swift */ = {isa = PBXFileReference; lastKnownFileType = sourcecode.swift; path = "URLQuery+Extension.swift"; sourceTree = "<group>"; };
		E57F4AF82746B30400F25ACB /* AppUsecases.swift */ = {isa = PBXFileReference; lastKnownFileType = sourcecode.swift; path = AppUsecases.swift; sourceTree = "<group>"; };
/* End PBXFileReference section */

/* Begin PBXFrameworksBuildPhase section */
		293EA57027524A58003BC0E0 /* Frameworks */ = {
			isa = PBXFrameworksBuildPhase;
			buildActionMask = 2147483647;
			files = (
			);
			runOnlyForDeploymentPostprocessing = 0;
		};
		293EA57727524A59003BC0E0 /* Frameworks */ = {
			isa = PBXFrameworksBuildPhase;
			buildActionMask = 2147483647;
			files = (
				293EA57B27524A59003BC0E0 /* NetworkLayer.framework in Frameworks */,
			);
			runOnlyForDeploymentPostprocessing = 0;
		};
		E55810B227479011004B8936 /* Frameworks */ = {
			isa = PBXFrameworksBuildPhase;
			buildActionMask = 2147483647;
			files = (
			);
			runOnlyForDeploymentPostprocessing = 0;
		};
		E57F4A4E27465C5F00F25ACB /* Frameworks */ = {
			isa = PBXFrameworksBuildPhase;
			buildActionMask = 2147483647;
			files = (
				E57F4AE227468B4000F25ACB /* Repository.framework in Frameworks */,
				E57F4A6427465CCF00F25ACB /* ComposableArchitecture in Frameworks */,
				293EA58627524A59003BC0E0 /* NetworkLayer.framework in Frameworks */,
				E57F4A7C2746746A00F25ACB /* Core.framework in Frameworks */,
			);
			runOnlyForDeploymentPostprocessing = 0;
		};
		E57F4A732746746A00F25ACB /* Frameworks */ = {
			isa = PBXFrameworksBuildPhase;
			buildActionMask = 2147483647;
			files = (
			);
			runOnlyForDeploymentPostprocessing = 0;
		};
		E57F4ACC27468B4000F25ACB /* Frameworks */ = {
			isa = PBXFrameworksBuildPhase;
			buildActionMask = 2147483647;
			files = (
				E57F4AF62746961900F25ACB /* Core.framework in Frameworks */,
			);
			runOnlyForDeploymentPostprocessing = 0;
		};
		E57F4AD327468B4000F25ACB /* Frameworks */ = {
			isa = PBXFrameworksBuildPhase;
			buildActionMask = 2147483647;
			files = (
				E57F4AD727468B4000F25ACB /* Repository.framework in Frameworks */,
			);
			runOnlyForDeploymentPostprocessing = 0;
		};
/* End PBXFrameworksBuildPhase section */

/* Begin PBXGroup section */
		293EA57427524A58003BC0E0 /* NetworkLayer */ = {
			isa = PBXGroup;
			children = (
				E57F4AB72746796300F25ACB /* __mock */,
				E57F4AAD274677E500F25ACB /* Decoder */,
				E57F4AA92746778500F25ACB /* NetworkProtocol.swift */,
				E57F4AAB274677B400F25ACB /* DefaultNetwork.swift */,
				E57F4AF027468E7A00F25ACB /* URLQuery+Extension.swift */,
			);
			path = NetworkLayer;
			sourceTree = "<group>";
		};
		293EA58027524A59003BC0E0 /* NetworkLayerTests */ = {
			isa = PBXGroup;
			children = (
				E57F4ABD27467AEA00F25ACB /* Network */,
				E57F4ABA27467A7500F25ACB /* Decoder */,
			);
			path = NetworkLayerTests;
			sourceTree = "<group>";
		};
		293EA59727527AEF003BC0E0 /* CommonUI */ = {
			isa = PBXGroup;
			children = (
				293EA59827527B06003BC0E0 /* CacheAsyncImage.swift */,
			);
			path = CommonUI;
			sourceTree = "<group>";
		};
		E55810AC2746F4BD004B8936 /* PropertyDetail */ = {
			isa = PBXGroup;
			children = (
				E55810AD2746F4DE004B8936 /* PropertyDetail.swift */,
				E55810AF2746F55A004B8936 /* PropertyDetaiReducer.swift */,
			);
			path = PropertyDetail;
			sourceTree = "<group>";
		};
		E55810B627479011004B8936 /* REOTests */ = {
			isa = PBXGroup;
			children = (
				E55810B727479011004B8936 /* REOTests.swift */,
				E55810BE27479020004B8936 /* PropertyListTest.swift */,
			);
			path = REOTests;
			sourceTree = "<group>";
		};
		E55810C22747B0A1004B8936 /* __mock */ = {
			isa = PBXGroup;
			children = (
				E55810C32747B0B3004B8936 /* Api+Stubbing.swift */,
			);
			path = __mock;
			sourceTree = "<group>";
		};
		E57F4A4827465C5F00F25ACB = {
			isa = PBXGroup;
			children = (
				E57F4A5327465C5F00F25ACB /* REO */,
				E57F4A772746746A00F25ACB /* Core */,
				E57F4AD027468B4000F25ACB /* Repository */,
				E57F4ADC27468B4000F25ACB /* RepositoryTests */,
				E55810B627479011004B8936 /* REOTests */,
				293EA57427524A58003BC0E0 /* NetworkLayer */,
				293EA58027524A59003BC0E0 /* NetworkLayerTests */,
				E57F4A5227465C5F00F25ACB /* Products */,
				E57F4AF42746961400F25ACB /* Frameworks */,
			);
			sourceTree = "<group>";
		};
		E57F4A5227465C5F00F25ACB /* Products */ = {
			isa = PBXGroup;
			children = (
				E57F4A5127465C5F00F25ACB /* REO.app */,
				E57F4A762746746A00F25ACB /* Core.framework */,
				E57F4ACF27468B4000F25ACB /* Repository.framework */,
				E57F4AD627468B4000F25ACB /* RepositoryTests.xctest */,
				E55810B527479011004B8936 /* REOTests.xctest */,
				293EA57327524A58003BC0E0 /* NetworkLayer.framework */,
				293EA57A27524A59003BC0E0 /* NetworkLayerTests.xctest */,
			);
			name = Products;
			sourceTree = "<group>";
		};
		E57F4A5327465C5F00F25ACB /* REO */ = {
			isa = PBXGroup;
			children = (
				293EA59727527AEF003BC0E0 /* CommonUI */,
				E57F4AF72746B2F900F25ACB /* App */,
				E57F4A6927465ED300F25ACB /* Resource */,
				E57F4A6527465D6D00F25ACB /* Module */,
				E57F4A5427465C5F00F25ACB /* REOApp.swift */,
				E57F4A5A27465C6000F25ACB /* Preview Content */,
			);
			path = REO;
			sourceTree = "<group>";
		};
		E57F4A5A27465C6000F25ACB /* Preview Content */ = {
			isa = PBXGroup;
			children = (
				E57F4A5B27465C6000F25ACB /* Preview Assets.xcassets */,
			);
			path = "Preview Content";
			sourceTree = "<group>";
		};
		E57F4A6527465D6D00F25ACB /* Module */ = {
			isa = PBXGroup;
			children = (
				E55810AC2746F4BD004B8936 /* PropertyDetail */,
				E57F4A6627465D7300F25ACB /* PropertyList */,
			);
			path = Module;
			sourceTree = "<group>";
		};
		E57F4A6627465D7300F25ACB /* PropertyList */ = {
			isa = PBXGroup;
			children = (
				E57F4A6C2746656900F25ACB /* PropertyItem */,
				E57F4A6727465D8200F25ACB /* ProperyList.swift */,
				E57F4A6F2746687600F25ACB /* PropertyList+Reducer.swift */,
			);
			path = PropertyList;
			sourceTree = "<group>";
		};
		E57F4A6927465ED300F25ACB /* Resource */ = {
			isa = PBXGroup;
			children = (
				E57F4A5827465C6000F25ACB /* Assets.xcassets */,
				E57F4A6A27465EDE00F25ACB /* Theme.swift */,
			);
			path = Resource;
			sourceTree = "<group>";
		};
		E57F4A6C2746656900F25ACB /* PropertyItem */ = {
			isa = PBXGroup;
			children = (
				E57F4A6D2746657F00F25ACB /* PropertyItem.swift */,
			);
			path = PropertyItem;
			sourceTree = "<group>";
		};
		E57F4A772746746A00F25ACB /* Core */ = {
			isa = PBXGroup;
			children = (
				E57F4A88274675A800F25ACB /* Usecase */,
				E57F4A822746747900F25ACB /* Entities */,
				E57F4A782746746A00F25ACB /* Core.h */,
			);
			path = Core;
			sourceTree = "<group>";
		};
		E57F4A822746747900F25ACB /* Entities */ = {
			isa = PBXGroup;
			children = (
				E57F4A85274674BF00F25ACB /* __mock */,
				E57F4A832746748600F25ACB /* Property.swift */,
				E57F4AC6274689C400F25ACB /* PropperyList.swift */,
			);
			path = Entities;
			sourceTree = "<group>";
		};
		E57F4A85274674BF00F25ACB /* __mock */ = {
			isa = PBXGroup;
			children = (
				E57F4AC8274689F200F25ACB /* PropertyList+Stubbing.swift */,
				E57F4A86274674D400F25ACB /* Property+Stubbing.swift */,
			);
			path = __mock;
			sourceTree = "<group>";
		};
		E57F4A88274675A800F25ACB /* Usecase */ = {
			isa = PBXGroup;
			children = (
				E57F4AC22746883200F25ACB /* PropertyListUsecase */,
				E57F4AC02746882C00F25ACB /* PropertyListUsecases.swift */,
			);
			path = Usecase;
			sourceTree = "<group>";
		};
		E57F4AAD274677E500F25ACB /* Decoder */ = {
			isa = PBXGroup;
			children = (
				E57F4AB2274678C000F25ACB /* __mock */,
				E57F4AAE274677F600F25ACB /* AnyDecoder.swift */,
				E57F4AB0274678A800F25ACB /* DefaultDecoder.swift */,
			);
			path = Decoder;
			sourceTree = "<group>";
		};
		E57F4AB2274678C000F25ACB /* __mock */ = {
			isa = PBXGroup;
			children = (
				E57F4AB3274678CC00F25ACB /* MockDecoder.swift */,
			);
			path = __mock;
			sourceTree = "<group>";
		};
		E57F4AB72746796300F25ACB /* __mock */ = {
			isa = PBXGroup;
			children = (
				E57F4AB52746795600F25ACB /* MockNetwork.swift.swift */,
			);
			path = __mock;
			sourceTree = "<group>";
		};
		E57F4ABA27467A7500F25ACB /* Decoder */ = {
			isa = PBXGroup;
			children = (
				E57F4AB8274679E200F25ACB /* DecoderTest.swift */,
				E57F4ABB27467A8700F25ACB /* DefaultDecodet+Stubbing.swift */,
			);
			path = Decoder;
			sourceTree = "<group>";
		};
		E57F4ABD27467AEA00F25ACB /* Network */ = {
			isa = PBXGroup;
			children = (
				E57F4ABE27467B0500F25ACB /* DefaultNetworkTests.swift */,
			);
			path = Network;
			sourceTree = "<group>";
		};
		E57F4AC22746883200F25ACB /* PropertyListUsecase */ = {
			isa = PBXGroup;
			children = (
				E57F4AC32746893400F25ACB /* __mock */,
			);
			path = PropertyListUsecase;
			sourceTree = "<group>";
		};
		E57F4AC32746893400F25ACB /* __mock */ = {
			isa = PBXGroup;
			children = (
				E57F4AC42746894700F25ACB /* MockPropertyListUsecase.swift */,
			);
			path = __mock;
			sourceTree = "<group>";
		};
		E57F4AD027468B4000F25ACB /* Repository */ = {
			isa = PBXGroup;
			children = (
				E57F4AED27468C8100F25ACB /* Api */,
				E57F4AEA27468B4E00F25ACB /* PropertyListUsecase */,
				E57F4AD127468B4000F25ACB /* Repository.h */,
			);
			path = Repository;
			sourceTree = "<group>";
		};
		E57F4ADC27468B4000F25ACB /* RepositoryTests */ = {
			isa = PBXGroup;
			children = (
				E57F4ADD27468B4000F25ACB /* RepositoryTests.swift */,
				E55810C02747A8DD004B8936 /* DefaultPropertyTests.swift */,
			);
			path = RepositoryTests;
			sourceTree = "<group>";
		};
		E57F4AEA27468B4E00F25ACB /* PropertyListUsecase */ = {
			isa = PBXGroup;
			children = (
				E57F4AEB27468BC300F25ACB /* DefaultPropertyListUsecases.swift */,
			);
			path = PropertyListUsecase;
			sourceTree = "<group>";
		};
		E57F4AED27468C8100F25ACB /* Api */ = {
			isa = PBXGroup;
			children = (
				E55810C22747B0A1004B8936 /* __mock */,
				E57F4AEE27468C9300F25ACB /* Api.swift */,
			);
			path = Api;
			sourceTree = "<group>";
		};
		E57F4AF42746961400F25ACB /* Frameworks */ = {
			isa = PBXGroup;
			children = (
			);
			name = Frameworks;
			sourceTree = "<group>";
		};
		E57F4AF72746B2F900F25ACB /* App */ = {
			isa = PBXGroup;
			children = (
				E57F4AF82746B30400F25ACB /* AppUsecases.swift */,
				E55810AA2746E9BD004B8936 /* AppState.swift */,
			);
			path = App;
			sourceTree = "<group>";
		};
/* End PBXGroup section */

/* Begin PBXHeadersBuildPhase section */
		293EA56E27524A58003BC0E0 /* Headers */ = {
			isa = PBXHeadersBuildPhase;
			buildActionMask = 2147483647;
			files = (
			);
			runOnlyForDeploymentPostprocessing = 0;
		};
		E57F4A712746746A00F25ACB /* Headers */ = {
			isa = PBXHeadersBuildPhase;
			buildActionMask = 2147483647;
			files = (
				E57F4A792746746A00F25ACB /* Core.h in Headers */,
			);
			runOnlyForDeploymentPostprocessing = 0;
		};
		E57F4ACA27468B4000F25ACB /* Headers */ = {
			isa = PBXHeadersBuildPhase;
			buildActionMask = 2147483647;
			files = (
				E57F4ADF27468B4000F25ACB /* Repository.h in Headers */,
			);
			runOnlyForDeploymentPostprocessing = 0;
		};
/* End PBXHeadersBuildPhase section */

/* Begin PBXNativeTarget section */
		293EA57227524A58003BC0E0 /* NetworkLayer */ = {
			isa = PBXNativeTarget;
			buildConfigurationList = 293EA58C27524A59003BC0E0 /* Build configuration list for PBXNativeTarget "NetworkLayer" */;
			buildPhases = (
				293EA56E27524A58003BC0E0 /* Headers */,
				293EA56F27524A58003BC0E0 /* Sources */,
				293EA57027524A58003BC0E0 /* Frameworks */,
				293EA57127524A58003BC0E0 /* Resources */,
			);
			buildRules = (
			);
			dependencies = (
			);
			name = NetworkLayer;
			productName = NetworkLayer;
			productReference = 293EA57327524A58003BC0E0 /* NetworkLayer.framework */;
			productType = "com.apple.product-type.framework";
		};
		293EA57927524A59003BC0E0 /* NetworkLayerTests */ = {
			isa = PBXNativeTarget;
			buildConfigurationList = 293EA58D27524A59003BC0E0 /* Build configuration list for PBXNativeTarget "NetworkLayerTests" */;
			buildPhases = (
				293EA57627524A59003BC0E0 /* Sources */,
				293EA57727524A59003BC0E0 /* Frameworks */,
				293EA57827524A59003BC0E0 /* Resources */,
			);
			buildRules = (
			);
			dependencies = (
				293EA57D27524A59003BC0E0 /* PBXTargetDependency */,
				293EA57F27524A59003BC0E0 /* PBXTargetDependency */,
			);
			name = NetworkLayerTests;
			productName = NetworkLayerTests;
			productReference = 293EA57A27524A59003BC0E0 /* NetworkLayerTests.xctest */;
			productType = "com.apple.product-type.bundle.unit-test";
		};
		E55810B427479011004B8936 /* REOTests */ = {
			isa = PBXNativeTarget;
			buildConfigurationList = E55810BB27479011004B8936 /* Build configuration list for PBXNativeTarget "REOTests" */;
			buildPhases = (
				E55810B127479011004B8936 /* Sources */,
				E55810B227479011004B8936 /* Frameworks */,
				E55810B327479011004B8936 /* Resources */,
			);
			buildRules = (
			);
			dependencies = (
				E55810BA27479011004B8936 /* PBXTargetDependency */,
			);
			name = REOTests;
			productName = REOTests;
			productReference = E55810B527479011004B8936 /* REOTests.xctest */;
			productType = "com.apple.product-type.bundle.unit-test";
		};
		E57F4A5027465C5F00F25ACB /* REO */ = {
			isa = PBXNativeTarget;
			buildConfigurationList = E57F4A5F27465C6000F25ACB /* Build configuration list for PBXNativeTarget "REO" */;
			buildPhases = (
				E57F4A4D27465C5F00F25ACB /* Sources */,
				E57F4A4E27465C5F00F25ACB /* Frameworks */,
				E57F4A4F27465C5F00F25ACB /* Resources */,
				E57F4A812746746A00F25ACB /* Embed Frameworks */,
			);
			buildRules = (
			);
			dependencies = (
				E57F4A7B2746746A00F25ACB /* PBXTargetDependency */,
				E57F4AE127468B4000F25ACB /* PBXTargetDependency */,
				293EA58527524A59003BC0E0 /* PBXTargetDependency */,
			);
			name = REO;
			packageProductDependencies = (
				E57F4A6327465CCF00F25ACB /* ComposableArchitecture */,
			);
			productName = REO;
			productReference = E57F4A5127465C5F00F25ACB /* REO.app */;
			productType = "com.apple.product-type.application";
		};
		E57F4A752746746A00F25ACB /* Core */ = {
			isa = PBXNativeTarget;
			buildConfigurationList = E57F4A7E2746746A00F25ACB /* Build configuration list for PBXNativeTarget "Core" */;
			buildPhases = (
				E57F4A712746746A00F25ACB /* Headers */,
				E57F4A722746746A00F25ACB /* Sources */,
				E57F4A732746746A00F25ACB /* Frameworks */,
				E57F4A742746746A00F25ACB /* Resources */,
			);
			buildRules = (
			);
			dependencies = (
			);
			name = Core;
			productName = Core;
			productReference = E57F4A762746746A00F25ACB /* Core.framework */;
			productType = "com.apple.product-type.framework";
		};
		E57F4ACE27468B4000F25ACB /* Repository */ = {
			isa = PBXNativeTarget;
			buildConfigurationList = E57F4AE427468B4000F25ACB /* Build configuration list for PBXNativeTarget "Repository" */;
			buildPhases = (
				E57F4ACA27468B4000F25ACB /* Headers */,
				E57F4ACB27468B4000F25ACB /* Sources */,
				E57F4ACC27468B4000F25ACB /* Frameworks */,
				E57F4ACD27468B4000F25ACB /* Resources */,
			);
			buildRules = (
			);
			dependencies = (
			);
			name = Repository;
			productName = Repository;
			productReference = E57F4ACF27468B4000F25ACB /* Repository.framework */;
			productType = "com.apple.product-type.framework";
		};
		E57F4AD527468B4000F25ACB /* RepositoryTests */ = {
			isa = PBXNativeTarget;
			buildConfigurationList = E57F4AE727468B4000F25ACB /* Build configuration list for PBXNativeTarget "RepositoryTests" */;
			buildPhases = (
				E57F4AD227468B4000F25ACB /* Sources */,
				E57F4AD327468B4000F25ACB /* Frameworks */,
				E57F4AD427468B4000F25ACB /* Resources */,
			);
			buildRules = (
			);
			dependencies = (
				E57F4AD927468B4000F25ACB /* PBXTargetDependency */,
				E57F4ADB27468B4000F25ACB /* PBXTargetDependency */,
			);
			name = RepositoryTests;
			productName = RepositoryTests;
			productReference = E57F4AD627468B4000F25ACB /* RepositoryTests.xctest */;
			productType = "com.apple.product-type.bundle.unit-test";
		};
/* End PBXNativeTarget section */

/* Begin PBXProject section */
		E57F4A4927465C5F00F25ACB /* Project object */ = {
			isa = PBXProject;
			attributes = {
				BuildIndependentTargetsInParallel = 1;
				LastSwiftUpdateCheck = 1310;
				LastUpgradeCheck = 1310;
				TargetAttributes = {
					293EA57227524A58003BC0E0 = {
						CreatedOnToolsVersion = 13.1;
					};
					293EA57927524A59003BC0E0 = {
						CreatedOnToolsVersion = 13.1;
						TestTargetID = E57F4A5027465C5F00F25ACB;
					};
					E55810B427479011004B8936 = {
						CreatedOnToolsVersion = 13.1;
						TestTargetID = E57F4A5027465C5F00F25ACB;
					};
					E57F4A5027465C5F00F25ACB = {
						CreatedOnToolsVersion = 13.1;
					};
					E57F4A752746746A00F25ACB = {
						CreatedOnToolsVersion = 13.1;
						LastSwiftMigration = 1310;
					};
					E57F4ACE27468B4000F25ACB = {
						CreatedOnToolsVersion = 13.1;
						LastSwiftMigration = 1310;
					};
					E57F4AD527468B4000F25ACB = {
						CreatedOnToolsVersion = 13.1;
						TestTargetID = E57F4A5027465C5F00F25ACB;
					};
				};
			};
			buildConfigurationList = E57F4A4C27465C5F00F25ACB /* Build configuration list for PBXProject "REO" */;
			compatibilityVersion = "Xcode 13.0";
			developmentRegion = en;
			hasScannedForEncodings = 0;
			knownRegions = (
				en,
				Base,
			);
			mainGroup = E57F4A4827465C5F00F25ACB;
			packageReferences = (
				E57F4A6227465CCF00F25ACB /* XCRemoteSwiftPackageReference "swift-composable-architecture" */,
			);
			productRefGroup = E57F4A5227465C5F00F25ACB /* Products */;
			projectDirPath = "";
			projectRoot = "";
			targets = (
				E57F4A5027465C5F00F25ACB /* REO */,
				E57F4A752746746A00F25ACB /* Core */,
				E57F4ACE27468B4000F25ACB /* Repository */,
				E57F4AD527468B4000F25ACB /* RepositoryTests */,
				E55810B427479011004B8936 /* REOTests */,
				293EA57227524A58003BC0E0 /* NetworkLayer */,
				293EA57927524A59003BC0E0 /* NetworkLayerTests */,
			);
		};
/* End PBXProject section */

/* Begin PBXResourcesBuildPhase section */
		293EA57127524A58003BC0E0 /* Resources */ = {
			isa = PBXResourcesBuildPhase;
			buildActionMask = 2147483647;
			files = (
			);
			runOnlyForDeploymentPostprocessing = 0;
		};
		293EA57827524A59003BC0E0 /* Resources */ = {
			isa = PBXResourcesBuildPhase;
			buildActionMask = 2147483647;
			files = (
			);
			runOnlyForDeploymentPostprocessing = 0;
		};
		E55810B327479011004B8936 /* Resources */ = {
			isa = PBXResourcesBuildPhase;
			buildActionMask = 2147483647;
			files = (
			);
			runOnlyForDeploymentPostprocessing = 0;
		};
		E57F4A4F27465C5F00F25ACB /* Resources */ = {
			isa = PBXResourcesBuildPhase;
			buildActionMask = 2147483647;
			files = (
				E57F4A5C27465C6000F25ACB /* Preview Assets.xcassets in Resources */,
				E57F4A5927465C6000F25ACB /* Assets.xcassets in Resources */,
			);
			runOnlyForDeploymentPostprocessing = 0;
		};
		E57F4A742746746A00F25ACB /* Resources */ = {
			isa = PBXResourcesBuildPhase;
			buildActionMask = 2147483647;
			files = (
			);
			runOnlyForDeploymentPostprocessing = 0;
		};
		E57F4ACD27468B4000F25ACB /* Resources */ = {
			isa = PBXResourcesBuildPhase;
			buildActionMask = 2147483647;
			files = (
			);
			runOnlyForDeploymentPostprocessing = 0;
		};
		E57F4AD427468B4000F25ACB /* Resources */ = {
			isa = PBXResourcesBuildPhase;
			buildActionMask = 2147483647;
			files = (
			);
			runOnlyForDeploymentPostprocessing = 0;
		};
/* End PBXResourcesBuildPhase section */

/* Begin PBXSourcesBuildPhase section */
		293EA56F27524A58003BC0E0 /* Sources */ = {
			isa = PBXSourcesBuildPhase;
			buildActionMask = 2147483647;
			files = (
				293EA59327524AF9003BC0E0 /* MockDecoder.swift in Sources */,
				293EA58F27524A67003BC0E0 /* DefaultNetwork.swift in Sources */,
				293EA59127524AF5003BC0E0 /* AnyDecoder.swift in Sources */,
				293EA58E27524A67003BC0E0 /* URLQuery+Extension.swift in Sources */,
				293EA59027524A67003BC0E0 /* NetworkProtocol.swift in Sources */,
				293EA59227524AF5003BC0E0 /* DefaultDecoder.swift in Sources */,
			);
			runOnlyForDeploymentPostprocessing = 0;
		};
		293EA57627524A59003BC0E0 /* Sources */ = {
			isa = PBXSourcesBuildPhase;
			buildActionMask = 2147483647;
			files = (
			);
			runOnlyForDeploymentPostprocessing = 0;
		};
		E55810B127479011004B8936 /* Sources */ = {
			isa = PBXSourcesBuildPhase;
			buildActionMask = 2147483647;
			files = (
				E55810BF27479020004B8936 /* PropertyListTest.swift in Sources */,
				E55810B827479011004B8936 /* REOTests.swift in Sources */,
			);
			runOnlyForDeploymentPostprocessing = 0;
		};
		E57F4A4D27465C5F00F25ACB /* Sources */ = {
			isa = PBXSourcesBuildPhase;
			buildActionMask = 2147483647;
			files = (
				E57F4A6B27465EDE00F25ACB /* Theme.swift in Sources */,
				293EA59927527B07003BC0E0 /* CacheAsyncImage.swift in Sources */,
				E57F4A6827465D8200F25ACB /* ProperyList.swift in Sources */,
				E55810AB2746E9BD004B8936 /* AppState.swift in Sources */,
				E57F4A702746687600F25ACB /* PropertyList+Reducer.swift in Sources */,
				E57F4A5527465C5F00F25ACB /* REOApp.swift in Sources */,
				E55810B02746F55A004B8936 /* PropertyDetaiReducer.swift in Sources */,
				E57F4AF92746B30400F25ACB /* AppUsecases.swift in Sources */,
				E57F4A6E2746657F00F25ACB /* PropertyItem.swift in Sources */,
				E55810AE2746F4DE004B8936 /* PropertyDetail.swift in Sources */,
			);
			runOnlyForDeploymentPostprocessing = 0;
		};
		E57F4A722746746A00F25ACB /* Sources */ = {
			isa = PBXSourcesBuildPhase;
			buildActionMask = 2147483647;
			files = (
				E57F4AC52746894700F25ACB /* MockPropertyListUsecase.swift in Sources */,
				E57F4A842746748600F25ACB /* Property.swift in Sources */,
				E57F4A87274674D400F25ACB /* Property+Stubbing.swift in Sources */,
				E57F4AC12746882C00F25ACB /* PropertyListUsecases.swift in Sources */,
				E57F4AC9274689F200F25ACB /* PropertyList+Stubbing.swift in Sources */,
				E57F4AC7274689C400F25ACB /* PropperyList.swift in Sources */,
			);
			runOnlyForDeploymentPostprocessing = 0;
		};
		E57F4ACB27468B4000F25ACB /* Sources */ = {
			isa = PBXSourcesBuildPhase;
			buildActionMask = 2147483647;
			files = (
				E57F4AEC27468BC300F25ACB /* DefaultPropertyListUsecases.swift in Sources */,
				E57F4AEF27468C9300F25ACB /* Api.swift in Sources */,
				E55810C42747B0B3004B8936 /* Api+Stubbing.swift in Sources */,
			);
			runOnlyForDeploymentPostprocessing = 0;
		};
		E57F4AD227468B4000F25ACB /* Sources */ = {
			isa = PBXSourcesBuildPhase;
			buildActionMask = 2147483647;
			files = (
				E55810C12747A8DD004B8936 /* DefaultPropertyTests.swift in Sources */,
				E57F4ADE27468B4000F25ACB /* RepositoryTests.swift in Sources */,
			);
			runOnlyForDeploymentPostprocessing = 0;
		};
/* End PBXSourcesBuildPhase section */

/* Begin PBXTargetDependency section */
		293EA57D27524A59003BC0E0 /* PBXTargetDependency */ = {
			isa = PBXTargetDependency;
			target = 293EA57227524A58003BC0E0 /* NetworkLayer */;
			targetProxy = 293EA57C27524A59003BC0E0 /* PBXContainerItemProxy */;
		};
		293EA57F27524A59003BC0E0 /* PBXTargetDependency */ = {
			isa = PBXTargetDependency;
			target = E57F4A5027465C5F00F25ACB /* REO */;
			targetProxy = 293EA57E27524A59003BC0E0 /* PBXContainerItemProxy */;
		};
		293EA58527524A59003BC0E0 /* PBXTargetDependency */ = {
			isa = PBXTargetDependency;
			target = 293EA57227524A58003BC0E0 /* NetworkLayer */;
			targetProxy = 293EA58427524A59003BC0E0 /* PBXContainerItemProxy */;
		};
		E55810BA27479011004B8936 /* PBXTargetDependency */ = {
			isa = PBXTargetDependency;
			target = E57F4A5027465C5F00F25ACB /* REO */;
			targetProxy = E55810B927479011004B8936 /* PBXContainerItemProxy */;
		};
		E57F4A7B2746746A00F25ACB /* PBXTargetDependency */ = {
			isa = PBXTargetDependency;
			target = E57F4A752746746A00F25ACB /* Core */;
			targetProxy = E57F4A7A2746746A00F25ACB /* PBXContainerItemProxy */;
		};
		E57F4AD927468B4000F25ACB /* PBXTargetDependency */ = {
			isa = PBXTargetDependency;
			target = E57F4ACE27468B4000F25ACB /* Repository */;
			targetProxy = E57F4AD827468B4000F25ACB /* PBXContainerItemProxy */;
		};
		E57F4ADB27468B4000F25ACB /* PBXTargetDependency */ = {
			isa = PBXTargetDependency;
			target = E57F4A5027465C5F00F25ACB /* REO */;
			targetProxy = E57F4ADA27468B4000F25ACB /* PBXContainerItemProxy */;
		};
		E57F4AE127468B4000F25ACB /* PBXTargetDependency */ = {
			isa = PBXTargetDependency;
			target = E57F4ACE27468B4000F25ACB /* Repository */;
			targetProxy = E57F4AE027468B4000F25ACB /* PBXContainerItemProxy */;
		};
/* End PBXTargetDependency section */

/* Begin XCBuildConfiguration section */
		293EA58827524A59003BC0E0 /* Debug */ = {
			isa = XCBuildConfiguration;
			buildSettings = {
				CODE_SIGN_STYLE = Automatic;
				CURRENT_PROJECT_VERSION = 1;
				DEFINES_MODULE = YES;
				DEVELOPMENT_TEAM = V54G9YU46B;
				DYLIB_COMPATIBILITY_VERSION = 1;
				DYLIB_CURRENT_VERSION = 1;
				DYLIB_INSTALL_NAME_BASE = "@rpath";
				GENERATE_INFOPLIST_FILE = YES;
				INFOPLIST_KEY_NSHumanReadableCopyright = "";
				INSTALL_PATH = "$(LOCAL_LIBRARY_DIR)/Frameworks";
				LD_RUNPATH_SEARCH_PATHS = (
					"$(inherited)",
					"@executable_path/Frameworks",
					"@loader_path/Frameworks",
				);
				MARKETING_VERSION = 1.0;
				PRODUCT_BUNDLE_IDENTIFIER = com.test.true.NetworkLayer;
				PRODUCT_NAME = "$(TARGET_NAME:c99extidentifier)";
				SKIP_INSTALL = YES;
				SWIFT_EMIT_LOC_STRINGS = YES;
				SWIFT_VERSION = 5.0;
				TARGETED_DEVICE_FAMILY = "1,2";
				VERSIONING_SYSTEM = "apple-generic";
				VERSION_INFO_PREFIX = "";
			};
			name = Debug;
		};
		293EA58927524A59003BC0E0 /* Release */ = {
			isa = XCBuildConfiguration;
			buildSettings = {
				CODE_SIGN_STYLE = Automatic;
				CURRENT_PROJECT_VERSION = 1;
				DEFINES_MODULE = YES;
				DEVELOPMENT_TEAM = V54G9YU46B;
				DYLIB_COMPATIBILITY_VERSION = 1;
				DYLIB_CURRENT_VERSION = 1;
				DYLIB_INSTALL_NAME_BASE = "@rpath";
				GENERATE_INFOPLIST_FILE = YES;
				INFOPLIST_KEY_NSHumanReadableCopyright = "";
				INSTALL_PATH = "$(LOCAL_LIBRARY_DIR)/Frameworks";
				LD_RUNPATH_SEARCH_PATHS = (
					"$(inherited)",
					"@executable_path/Frameworks",
					"@loader_path/Frameworks",
				);
				MARKETING_VERSION = 1.0;
				PRODUCT_BUNDLE_IDENTIFIER = com.test.true.NetworkLayer;
				PRODUCT_NAME = "$(TARGET_NAME:c99extidentifier)";
				SKIP_INSTALL = YES;
				SWIFT_EMIT_LOC_STRINGS = YES;
				SWIFT_VERSION = 5.0;
				TARGETED_DEVICE_FAMILY = "1,2";
				VERSIONING_SYSTEM = "apple-generic";
				VERSION_INFO_PREFIX = "";
			};
			name = Release;
		};
		293EA58A27524A59003BC0E0 /* Debug */ = {
			isa = XCBuildConfiguration;
			buildSettings = {
				ALWAYS_EMBED_SWIFT_STANDARD_LIBRARIES = YES;
				CODE_SIGN_STYLE = Automatic;
				CURRENT_PROJECT_VERSION = 1;
				DEVELOPMENT_TEAM = BUZXKJMFX3;
				GENERATE_INFOPLIST_FILE = YES;
				LD_RUNPATH_SEARCH_PATHS = (
					"$(inherited)",
					"@executable_path/Frameworks",
					"@loader_path/Frameworks",
				);
				MARKETING_VERSION = 1.0;
				PRODUCT_BUNDLE_IDENTIFIER = com.test.true.NetworkLayerTests;
				PRODUCT_NAME = "$(TARGET_NAME)";
				SWIFT_EMIT_LOC_STRINGS = NO;
				SWIFT_VERSION = 5.0;
				TARGETED_DEVICE_FAMILY = "1,2";
				TEST_HOST = "$(BUILT_PRODUCTS_DIR)/REO.app/REO";
			};
			name = Debug;
		};
		293EA58B27524A59003BC0E0 /* Release */ = {
			isa = XCBuildConfiguration;
			buildSettings = {
				ALWAYS_EMBED_SWIFT_STANDARD_LIBRARIES = YES;
				CODE_SIGN_STYLE = Automatic;
				CURRENT_PROJECT_VERSION = 1;
				DEVELOPMENT_TEAM = BUZXKJMFX3;
				GENERATE_INFOPLIST_FILE = YES;
				LD_RUNPATH_SEARCH_PATHS = (
					"$(inherited)",
					"@executable_path/Frameworks",
					"@loader_path/Frameworks",
				);
				MARKETING_VERSION = 1.0;
				PRODUCT_BUNDLE_IDENTIFIER = com.test.true.NetworkLayerTests;
				PRODUCT_NAME = "$(TARGET_NAME)";
				SWIFT_EMIT_LOC_STRINGS = NO;
				SWIFT_VERSION = 5.0;
				TARGETED_DEVICE_FAMILY = "1,2";
				TEST_HOST = "$(BUILT_PRODUCTS_DIR)/REO.app/REO";
			};
			name = Release;
		};
		E55810BC27479011004B8936 /* Debug */ = {
			isa = XCBuildConfiguration;
			buildSettings = {
				BUNDLE_LOADER = "$(TEST_HOST)";
				CODE_SIGN_STYLE = Automatic;
				CURRENT_PROJECT_VERSION = 1;
				DEVELOPMENT_TEAM = V54G9YU46B;
				GENERATE_INFOPLIST_FILE = YES;
				LD_RUNPATH_SEARCH_PATHS = (
					"$(inherited)",
					"@executable_path/Frameworks",
					"@loader_path/Frameworks",
				);
				MARKETING_VERSION = 1.0;
				PRODUCT_BUNDLE_IDENTIFIER = com.test.reo.REOTests;
				PRODUCT_NAME = "$(TARGET_NAME)";
				SWIFT_EMIT_LOC_STRINGS = NO;
				SWIFT_VERSION = 5.0;
				TARGETED_DEVICE_FAMILY = "1,2";
				TEST_HOST = "$(BUILT_PRODUCTS_DIR)/REO.app/REO";
			};
			name = Debug;
		};
		E55810BD27479011004B8936 /* Release */ = {
			isa = XCBuildConfiguration;
			buildSettings = {
				BUNDLE_LOADER = "$(TEST_HOST)";
				CODE_SIGN_STYLE = Automatic;
				CURRENT_PROJECT_VERSION = 1;
				DEVELOPMENT_TEAM = V54G9YU46B;
				GENERATE_INFOPLIST_FILE = YES;
				LD_RUNPATH_SEARCH_PATHS = (
					"$(inherited)",
					"@executable_path/Frameworks",
					"@loader_path/Frameworks",
				);
				MARKETING_VERSION = 1.0;
				PRODUCT_BUNDLE_IDENTIFIER = com.test.reo.REOTests;
				PRODUCT_NAME = "$(TARGET_NAME)";
				SWIFT_EMIT_LOC_STRINGS = NO;
				SWIFT_VERSION = 5.0;
				TARGETED_DEVICE_FAMILY = "1,2";
				TEST_HOST = "$(BUILT_PRODUCTS_DIR)/REO.app/REO";
			};
			name = Release;
		};
		E57F4A5D27465C6000F25ACB /* Debug */ = {
			isa = XCBuildConfiguration;
			buildSettings = {
				ALWAYS_SEARCH_USER_PATHS = NO;
				CLANG_ANALYZER_NONNULL = YES;
				CLANG_ANALYZER_NUMBER_OBJECT_CONVERSION = YES_AGGRESSIVE;
				CLANG_CXX_LANGUAGE_STANDARD = "gnu++17";
				CLANG_CXX_LIBRARY = "libc++";
				CLANG_ENABLE_MODULES = YES;
				CLANG_ENABLE_OBJC_ARC = YES;
				CLANG_ENABLE_OBJC_WEAK = YES;
				CLANG_WARN_BLOCK_CAPTURE_AUTORELEASING = YES;
				CLANG_WARN_BOOL_CONVERSION = YES;
				CLANG_WARN_COMMA = YES;
				CLANG_WARN_CONSTANT_CONVERSION = YES;
				CLANG_WARN_DEPRECATED_OBJC_IMPLEMENTATIONS = YES;
				CLANG_WARN_DIRECT_OBJC_ISA_USAGE = YES_ERROR;
				CLANG_WARN_DOCUMENTATION_COMMENTS = YES;
				CLANG_WARN_EMPTY_BODY = YES;
				CLANG_WARN_ENUM_CONVERSION = YES;
				CLANG_WARN_INFINITE_RECURSION = YES;
				CLANG_WARN_INT_CONVERSION = YES;
				CLANG_WARN_NON_LITERAL_NULL_CONVERSION = YES;
				CLANG_WARN_OBJC_IMPLICIT_RETAIN_SELF = YES;
				CLANG_WARN_OBJC_LITERAL_CONVERSION = YES;
				CLANG_WARN_OBJC_ROOT_CLASS = YES_ERROR;
				CLANG_WARN_QUOTED_INCLUDE_IN_FRAMEWORK_HEADER = YES;
				CLANG_WARN_RANGE_LOOP_ANALYSIS = YES;
				CLANG_WARN_STRICT_PROTOTYPES = YES;
				CLANG_WARN_SUSPICIOUS_MOVE = YES;
				CLANG_WARN_UNGUARDED_AVAILABILITY = YES_AGGRESSIVE;
				CLANG_WARN_UNREACHABLE_CODE = YES;
				CLANG_WARN__DUPLICATE_METHOD_MATCH = YES;
				COPY_PHASE_STRIP = NO;
				DEBUG_INFORMATION_FORMAT = dwarf;
				ENABLE_STRICT_OBJC_MSGSEND = YES;
				ENABLE_TESTABILITY = YES;
				GCC_C_LANGUAGE_STANDARD = gnu11;
				GCC_DYNAMIC_NO_PIC = NO;
				GCC_NO_COMMON_BLOCKS = YES;
				GCC_OPTIMIZATION_LEVEL = 0;
				GCC_PREPROCESSOR_DEFINITIONS = (
					"DEBUG=1",
					"$(inherited)",
				);
				GCC_WARN_64_TO_32_BIT_CONVERSION = YES;
				GCC_WARN_ABOUT_RETURN_TYPE = YES_ERROR;
				GCC_WARN_UNDECLARED_SELECTOR = YES;
				GCC_WARN_UNINITIALIZED_AUTOS = YES_AGGRESSIVE;
				GCC_WARN_UNUSED_FUNCTION = YES;
				GCC_WARN_UNUSED_VARIABLE = YES;
				IPHONEOS_DEPLOYMENT_TARGET = 15.0;
				MTL_ENABLE_DEBUG_INFO = INCLUDE_SOURCE;
				MTL_FAST_MATH = YES;
				ONLY_ACTIVE_ARCH = YES;
				SDKROOT = iphoneos;
				SWIFT_ACTIVE_COMPILATION_CONDITIONS = DEBUG;
				SWIFT_OPTIMIZATION_LEVEL = "-Onone";
			};
			name = Debug;
		};
		E57F4A5E27465C6000F25ACB /* Release */ = {
			isa = XCBuildConfiguration;
			buildSettings = {
				ALWAYS_SEARCH_USER_PATHS = NO;
				CLANG_ANALYZER_NONNULL = YES;
				CLANG_ANALYZER_NUMBER_OBJECT_CONVERSION = YES_AGGRESSIVE;
				CLANG_CXX_LANGUAGE_STANDARD = "gnu++17";
				CLANG_CXX_LIBRARY = "libc++";
				CLANG_ENABLE_MODULES = YES;
				CLANG_ENABLE_OBJC_ARC = YES;
				CLANG_ENABLE_OBJC_WEAK = YES;
				CLANG_WARN_BLOCK_CAPTURE_AUTORELEASING = YES;
				CLANG_WARN_BOOL_CONVERSION = YES;
				CLANG_WARN_COMMA = YES;
				CLANG_WARN_CONSTANT_CONVERSION = YES;
				CLANG_WARN_DEPRECATED_OBJC_IMPLEMENTATIONS = YES;
				CLANG_WARN_DIRECT_OBJC_ISA_USAGE = YES_ERROR;
				CLANG_WARN_DOCUMENTATION_COMMENTS = YES;
				CLANG_WARN_EMPTY_BODY = YES;
				CLANG_WARN_ENUM_CONVERSION = YES;
				CLANG_WARN_INFINITE_RECURSION = YES;
				CLANG_WARN_INT_CONVERSION = YES;
				CLANG_WARN_NON_LITERAL_NULL_CONVERSION = YES;
				CLANG_WARN_OBJC_IMPLICIT_RETAIN_SELF = YES;
				CLANG_WARN_OBJC_LITERAL_CONVERSION = YES;
				CLANG_WARN_OBJC_ROOT_CLASS = YES_ERROR;
				CLANG_WARN_QUOTED_INCLUDE_IN_FRAMEWORK_HEADER = YES;
				CLANG_WARN_RANGE_LOOP_ANALYSIS = YES;
				CLANG_WARN_STRICT_PROTOTYPES = YES;
				CLANG_WARN_SUSPICIOUS_MOVE = YES;
				CLANG_WARN_UNGUARDED_AVAILABILITY = YES_AGGRESSIVE;
				CLANG_WARN_UNREACHABLE_CODE = YES;
				CLANG_WARN__DUPLICATE_METHOD_MATCH = YES;
				COPY_PHASE_STRIP = NO;
				DEBUG_INFORMATION_FORMAT = "dwarf-with-dsym";
				ENABLE_NS_ASSERTIONS = NO;
				ENABLE_STRICT_OBJC_MSGSEND = YES;
				GCC_C_LANGUAGE_STANDARD = gnu11;
				GCC_NO_COMMON_BLOCKS = YES;
				GCC_WARN_64_TO_32_BIT_CONVERSION = YES;
				GCC_WARN_ABOUT_RETURN_TYPE = YES_ERROR;
				GCC_WARN_UNDECLARED_SELECTOR = YES;
				GCC_WARN_UNINITIALIZED_AUTOS = YES_AGGRESSIVE;
				GCC_WARN_UNUSED_FUNCTION = YES;
				GCC_WARN_UNUSED_VARIABLE = YES;
				IPHONEOS_DEPLOYMENT_TARGET = 15.0;
				MTL_ENABLE_DEBUG_INFO = NO;
				MTL_FAST_MATH = YES;
				SDKROOT = iphoneos;
				SWIFT_COMPILATION_MODE = wholemodule;
				SWIFT_OPTIMIZATION_LEVEL = "-O";
				VALIDATE_PRODUCT = YES;
			};
			name = Release;
		};
		E57F4A6027465C6000F25ACB /* Debug */ = {
			isa = XCBuildConfiguration;
			buildSettings = {
				ALWAYS_EMBED_SWIFT_STANDARD_LIBRARIES = YES;
				ASSETCATALOG_COMPILER_APPICON_NAME = AppIcon;
				ASSETCATALOG_COMPILER_GLOBAL_ACCENT_COLOR_NAME = AccentColor;
				CODE_SIGN_STYLE = Automatic;
				CURRENT_PROJECT_VERSION = 1;
				DEVELOPMENT_ASSET_PATHS = "\"REO/Preview Content\"";
				DEVELOPMENT_TEAM = V54G9YU46B;
				ENABLE_PREVIEWS = YES;
				GENERATE_INFOPLIST_FILE = YES;
				INFOPLIST_KEY_UIApplicationSceneManifest_Generation = YES;
				INFOPLIST_KEY_UIApplicationSupportsIndirectInputEvents = YES;
				INFOPLIST_KEY_UILaunchScreen_Generation = YES;
				INFOPLIST_KEY_UISupportedInterfaceOrientations_iPad = "UIInterfaceOrientationPortrait UIInterfaceOrientationPortraitUpsideDown UIInterfaceOrientationLandscapeLeft UIInterfaceOrientationLandscapeRight";
				INFOPLIST_KEY_UISupportedInterfaceOrientations_iPhone = "UIInterfaceOrientationPortrait UIInterfaceOrientationLandscapeLeft UIInterfaceOrientationLandscapeRight";
				LD_RUNPATH_SEARCH_PATHS = (
					"$(inherited)",
					"@executable_path/Frameworks",
				);
				MARKETING_VERSION = 1.0;
				PRODUCT_BUNDLE_IDENTIFIER = com.test.reo.REO;
				PRODUCT_NAME = "$(TARGET_NAME)";
				SWIFT_EMIT_LOC_STRINGS = YES;
				SWIFT_VERSION = 5.0;
				TARGETED_DEVICE_FAMILY = "1,2";
			};
			name = Debug;
		};
		E57F4A6127465C6000F25ACB /* Release */ = {
			isa = XCBuildConfiguration;
			buildSettings = {
				ALWAYS_EMBED_SWIFT_STANDARD_LIBRARIES = YES;
				ASSETCATALOG_COMPILER_APPICON_NAME = AppIcon;
				ASSETCATALOG_COMPILER_GLOBAL_ACCENT_COLOR_NAME = AccentColor;
				CODE_SIGN_STYLE = Automatic;
				CURRENT_PROJECT_VERSION = 1;
				DEVELOPMENT_ASSET_PATHS = "\"REO/Preview Content\"";
				DEVELOPMENT_TEAM = V54G9YU46B;
				ENABLE_PREVIEWS = YES;
				GENERATE_INFOPLIST_FILE = YES;
				INFOPLIST_KEY_UIApplicationSceneManifest_Generation = YES;
				INFOPLIST_KEY_UIApplicationSupportsIndirectInputEvents = YES;
				INFOPLIST_KEY_UILaunchScreen_Generation = YES;
				INFOPLIST_KEY_UISupportedInterfaceOrientations_iPad = "UIInterfaceOrientationPortrait UIInterfaceOrientationPortraitUpsideDown UIInterfaceOrientationLandscapeLeft UIInterfaceOrientationLandscapeRight";
				INFOPLIST_KEY_UISupportedInterfaceOrientations_iPhone = "UIInterfaceOrientationPortrait UIInterfaceOrientationLandscapeLeft UIInterfaceOrientationLandscapeRight";
				LD_RUNPATH_SEARCH_PATHS = (
					"$(inherited)",
					"@executable_path/Frameworks",
				);
				MARKETING_VERSION = 1.0;
				PRODUCT_BUNDLE_IDENTIFIER = com.test.reo.REO;
				PRODUCT_NAME = "$(TARGET_NAME)";
				SWIFT_EMIT_LOC_STRINGS = YES;
				SWIFT_VERSION = 5.0;
				TARGETED_DEVICE_FAMILY = "1,2";
			};
			name = Release;
		};
		E57F4A7F2746746A00F25ACB /* Debug */ = {
			isa = XCBuildConfiguration;
			buildSettings = {
				CLANG_ENABLE_MODULES = YES;
				CODE_SIGN_STYLE = Automatic;
				CURRENT_PROJECT_VERSION = 1;
				DEFINES_MODULE = YES;
				DEVELOPMENT_TEAM = V54G9YU46B;
				DYLIB_COMPATIBILITY_VERSION = 1;
				DYLIB_CURRENT_VERSION = 1;
				DYLIB_INSTALL_NAME_BASE = "@rpath";
				GENERATE_INFOPLIST_FILE = YES;
				INFOPLIST_KEY_NSHumanReadableCopyright = "";
				INSTALL_PATH = "$(LOCAL_LIBRARY_DIR)/Frameworks";
				LD_RUNPATH_SEARCH_PATHS = (
					"$(inherited)",
					"@executable_path/Frameworks",
					"@loader_path/Frameworks",
				);
				MARKETING_VERSION = 1.0;
				PRODUCT_BUNDLE_IDENTIFIER = com.test.reo.Core;
				PRODUCT_NAME = "$(TARGET_NAME:c99extidentifier)";
				SKIP_INSTALL = YES;
				SWIFT_EMIT_LOC_STRINGS = YES;
				SWIFT_OPTIMIZATION_LEVEL = "-Onone";
				SWIFT_VERSION = 5.0;
				TARGETED_DEVICE_FAMILY = "1,2";
				VERSIONING_SYSTEM = "apple-generic";
				VERSION_INFO_PREFIX = "";
			};
			name = Debug;
		};
		E57F4A802746746A00F25ACB /* Release */ = {
			isa = XCBuildConfiguration;
			buildSettings = {
				CLANG_ENABLE_MODULES = YES;
				CODE_SIGN_STYLE = Automatic;
				CURRENT_PROJECT_VERSION = 1;
				DEFINES_MODULE = YES;
				DEVELOPMENT_TEAM = V54G9YU46B;
				DYLIB_COMPATIBILITY_VERSION = 1;
				DYLIB_CURRENT_VERSION = 1;
				DYLIB_INSTALL_NAME_BASE = "@rpath";
				GENERATE_INFOPLIST_FILE = YES;
				INFOPLIST_KEY_NSHumanReadableCopyright = "";
				INSTALL_PATH = "$(LOCAL_LIBRARY_DIR)/Frameworks";
				LD_RUNPATH_SEARCH_PATHS = (
					"$(inherited)",
					"@executable_path/Frameworks",
					"@loader_path/Frameworks",
				);
				MARKETING_VERSION = 1.0;
				PRODUCT_BUNDLE_IDENTIFIER = com.test.reo.Core;
				PRODUCT_NAME = "$(TARGET_NAME:c99extidentifier)";
				SKIP_INSTALL = YES;
				SWIFT_EMIT_LOC_STRINGS = YES;
				SWIFT_VERSION = 5.0;
				TARGETED_DEVICE_FAMILY = "1,2";
				VERSIONING_SYSTEM = "apple-generic";
				VERSION_INFO_PREFIX = "";
			};
			name = Release;
		};
		E57F4AE527468B4000F25ACB /* Debug */ = {
			isa = XCBuildConfiguration;
			buildSettings = {
				CLANG_ENABLE_MODULES = YES;
				CODE_SIGN_STYLE = Automatic;
				CURRENT_PROJECT_VERSION = 1;
				DEFINES_MODULE = YES;
				DEVELOPMENT_TEAM = V54G9YU46B;
				DYLIB_COMPATIBILITY_VERSION = 1;
				DYLIB_CURRENT_VERSION = 1;
				DYLIB_INSTALL_NAME_BASE = "@rpath";
				GENERATE_INFOPLIST_FILE = YES;
				INFOPLIST_KEY_NSHumanReadableCopyright = "";
				INSTALL_PATH = "$(LOCAL_LIBRARY_DIR)/Frameworks";
				LD_RUNPATH_SEARCH_PATHS = (
					"$(inherited)",
					"@executable_path/Frameworks",
					"@loader_path/Frameworks",
				);
				MARKETING_VERSION = 1.0;
				PRODUCT_BUNDLE_IDENTIFIER = com.test.reo.Repository;
				PRODUCT_NAME = "$(TARGET_NAME:c99extidentifier)";
				SKIP_INSTALL = YES;
				SWIFT_EMIT_LOC_STRINGS = YES;
				SWIFT_OPTIMIZATION_LEVEL = "-Onone";
				SWIFT_VERSION = 5.0;
				TARGETED_DEVICE_FAMILY = "1,2";
				VERSIONING_SYSTEM = "apple-generic";
				VERSION_INFO_PREFIX = "";
			};
			name = Debug;
		};
		E57F4AE627468B4000F25ACB /* Release */ = {
			isa = XCBuildConfiguration;
			buildSettings = {
				CLANG_ENABLE_MODULES = YES;
				CODE_SIGN_STYLE = Automatic;
				CURRENT_PROJECT_VERSION = 1;
				DEFINES_MODULE = YES;
				DEVELOPMENT_TEAM = V54G9YU46B;
				DYLIB_COMPATIBILITY_VERSION = 1;
				DYLIB_CURRENT_VERSION = 1;
				DYLIB_INSTALL_NAME_BASE = "@rpath";
				GENERATE_INFOPLIST_FILE = YES;
				INFOPLIST_KEY_NSHumanReadableCopyright = "";
				INSTALL_PATH = "$(LOCAL_LIBRARY_DIR)/Frameworks";
				LD_RUNPATH_SEARCH_PATHS = (
					"$(inherited)",
					"@executable_path/Frameworks",
					"@loader_path/Frameworks",
				);
				MARKETING_VERSION = 1.0;
				PRODUCT_BUNDLE_IDENTIFIER = com.test.reo.Repository;
				PRODUCT_NAME = "$(TARGET_NAME:c99extidentifier)";
				SKIP_INSTALL = YES;
				SWIFT_EMIT_LOC_STRINGS = YES;
				SWIFT_VERSION = 5.0;
				TARGETED_DEVICE_FAMILY = "1,2";
				VERSIONING_SYSTEM = "apple-generic";
				VERSION_INFO_PREFIX = "";
			};
			name = Release;
		};
		E57F4AE827468B4000F25ACB /* Debug */ = {
			isa = XCBuildConfiguration;
			buildSettings = {
				ALWAYS_EMBED_SWIFT_STANDARD_LIBRARIES = YES;
				CODE_SIGN_STYLE = Automatic;
				CURRENT_PROJECT_VERSION = 1;
				DEVELOPMENT_TEAM = V54G9YU46B;
				GENERATE_INFOPLIST_FILE = YES;
				LD_RUNPATH_SEARCH_PATHS = (
					"$(inherited)",
					"@executable_path/Frameworks",
					"@loader_path/Frameworks",
				);
				MARKETING_VERSION = 1.0;
				PRODUCT_BUNDLE_IDENTIFIER = com.test.reo.RepositoryTests;
				PRODUCT_NAME = "$(TARGET_NAME)";
				SWIFT_EMIT_LOC_STRINGS = NO;
				SWIFT_VERSION = 5.0;
				TARGETED_DEVICE_FAMILY = "1,2";
				TEST_HOST = "$(BUILT_PRODUCTS_DIR)/REO.app/REO";
			};
			name = Debug;
		};
		E57F4AE927468B4000F25ACB /* Release */ = {
			isa = XCBuildConfiguration;
			buildSettings = {
				ALWAYS_EMBED_SWIFT_STANDARD_LIBRARIES = YES;
				CODE_SIGN_STYLE = Automatic;
				CURRENT_PROJECT_VERSION = 1;
				DEVELOPMENT_TEAM = V54G9YU46B;
				GENERATE_INFOPLIST_FILE = YES;
				LD_RUNPATH_SEARCH_PATHS = (
					"$(inherited)",
					"@executable_path/Frameworks",
					"@loader_path/Frameworks",
				);
				MARKETING_VERSION = 1.0;
				PRODUCT_BUNDLE_IDENTIFIER = com.test.reo.RepositoryTests;
				PRODUCT_NAME = "$(TARGET_NAME)";
				SWIFT_EMIT_LOC_STRINGS = NO;
				SWIFT_VERSION = 5.0;
				TARGETED_DEVICE_FAMILY = "1,2";
				TEST_HOST = "$(BUILT_PRODUCTS_DIR)/REO.app/REO";
			};
			name = Release;
		};
/* End XCBuildConfiguration section */

/* Begin XCConfigurationList section */
		293EA58C27524A59003BC0E0 /* Build configuration list for PBXNativeTarget "NetworkLayer" */ = {
			isa = XCConfigurationList;
			buildConfigurations = (
				293EA58827524A59003BC0E0 /* Debug */,
				293EA58927524A59003BC0E0 /* Release */,
			);
			defaultConfigurationIsVisible = 0;
			defaultConfigurationName = Release;
		};
		293EA58D27524A59003BC0E0 /* Build configuration list for PBXNativeTarget "NetworkLayerTests" */ = {
			isa = XCConfigurationList;
			buildConfigurations = (
				293EA58A27524A59003BC0E0 /* Debug */,
				293EA58B27524A59003BC0E0 /* Release */,
			);
			defaultConfigurationIsVisible = 0;
			defaultConfigurationName = Release;
		};
		E55810BB27479011004B8936 /* Build configuration list for PBXNativeTarget "REOTests" */ = {
			isa = XCConfigurationList;
			buildConfigurations = (
				E55810BC27479011004B8936 /* Debug */,
				E55810BD27479011004B8936 /* Release */,
			);
			defaultConfigurationIsVisible = 0;
			defaultConfigurationName = Release;
		};
		E57F4A4C27465C5F00F25ACB /* Build configuration list for PBXProject "REO" */ = {
			isa = XCConfigurationList;
			buildConfigurations = (
				E57F4A5D27465C6000F25ACB /* Debug */,
				E57F4A5E27465C6000F25ACB /* Release */,
			);
			defaultConfigurationIsVisible = 0;
			defaultConfigurationName = Release;
		};
		E57F4A5F27465C6000F25ACB /* Build configuration list for PBXNativeTarget "REO" */ = {
			isa = XCConfigurationList;
			buildConfigurations = (
				E57F4A6027465C6000F25ACB /* Debug */,
				E57F4A6127465C6000F25ACB /* Release */,
			);
			defaultConfigurationIsVisible = 0;
			defaultConfigurationName = Release;
		};
		E57F4A7E2746746A00F25ACB /* Build configuration list for PBXNativeTarget "Core" */ = {
			isa = XCConfigurationList;
			buildConfigurations = (
				E57F4A7F2746746A00F25ACB /* Debug */,
				E57F4A802746746A00F25ACB /* Release */,
			);
			defaultConfigurationIsVisible = 0;
			defaultConfigurationName = Release;
		};
		E57F4AE427468B4000F25ACB /* Build configuration list for PBXNativeTarget "Repository" */ = {
			isa = XCConfigurationList;
			buildConfigurations = (
				E57F4AE527468B4000F25ACB /* Debug */,
				E57F4AE627468B4000F25ACB /* Release */,
			);
			defaultConfigurationIsVisible = 0;
			defaultConfigurationName = Release;
		};
		E57F4AE727468B4000F25ACB /* Build configuration list for PBXNativeTarget "RepositoryTests" */ = {
			isa = XCConfigurationList;
			buildConfigurations = (
				E57F4AE827468B4000F25ACB /* Debug */,
				E57F4AE927468B4000F25ACB /* Release */,
			);
			defaultConfigurationIsVisible = 0;
			defaultConfigurationName = Release;
		};
/* End XCConfigurationList section */

/* Begin XCRemoteSwiftPackageReference section */
		E57F4A6227465CCF00F25ACB /* XCRemoteSwiftPackageReference "swift-composable-architecture" */ = {
			isa = XCRemoteSwiftPackageReference;
			repositoryURL = "https://github.com/pointfreeco/swift-composable-architecture";
			requirement = {
				branch = main;
				kind = branch;
			};
		};
/* End XCRemoteSwiftPackageReference section */

/* Begin XCSwiftPackageProductDependency section */
		E57F4A6327465CCF00F25ACB /* ComposableArchitecture */ = {
			isa = XCSwiftPackageProductDependency;
			package = E57F4A6227465CCF00F25ACB /* XCRemoteSwiftPackageReference "swift-composable-architecture" */;
			productName = ComposableArchitecture;
		};
/* End XCSwiftPackageProductDependency section */
	};
	rootObject = E57F4A4927465C5F00F25ACB /* Project object */;
}
