// !$*UTF8*$!
{
	archiveVersion = 1;
	classes = {
	};
	objectVersion = 55;
	objects = {

/* Begin PBXBuildFile section */
		E57F4A5527465C5F00F25ACB /* REOApp.swift in Sources */ = {isa = PBXBuildFile; fileRef = E57F4A5427465C5F00F25ACB /* REOApp.swift */; };
		E57F4A5727465C5F00F25ACB /* ContentView.swift in Sources */ = {isa = PBXBuildFile; fileRef = E57F4A5627465C5F00F25ACB /* ContentView.swift */; };
		E57F4A5927465C6000F25ACB /* Assets.xcassets in Resources */ = {isa = PBXBuildFile; fileRef = E57F4A5827465C6000F25ACB /* Assets.xcassets */; };
		E57F4A5C27465C6000F25ACB /* Preview Assets.xcassets in Resources */ = {isa = PBXBuildFile; fileRef = E57F4A5B27465C6000F25ACB /* Preview Assets.xcassets */; };
		E57F4A6427465CCF00F25ACB /* ComposableArchitecture in Frameworks */ = {isa = PBXBuildFile; productRef = E57F4A6327465CCF00F25ACB /* ComposableArchitecture */; };
		E57F4A6827465D8200F25ACB /* ProperyList.swift in Sources */ = {isa = PBXBuildFile; fileRef = E57F4A6727465D8200F25ACB /* ProperyList.swift */; };
		E57F4A6B27465EDE00F25ACB /* Theme.swift in Sources */ = {isa = PBXBuildFile; fileRef = E57F4A6A27465EDE00F25ACB /* Theme.swift */; };
		E57F4A6E2746657F00F25ACB /* PropertyItem.swift in Sources */ = {isa = PBXBuildFile; fileRef = E57F4A6D2746657F00F25ACB /* PropertyItem.swift */; };
		E57F4A702746687600F25ACB /* PropertyList+Reducer.swift in Sources */ = {isa = PBXBuildFile; fileRef = E57F4A6F2746687600F25ACB /* PropertyList+Reducer.swift */; };
/* End PBXBuildFile section */

/* Begin PBXFileReference section */
		E57F4A5127465C5F00F25ACB /* REO.app */ = {isa = PBXFileReference; explicitFileType = wrapper.application; includeInIndex = 0; path = REO.app; sourceTree = BUILT_PRODUCTS_DIR; };
		E57F4A5427465C5F00F25ACB /* REOApp.swift */ = {isa = PBXFileReference; lastKnownFileType = sourcecode.swift; path = REOApp.swift; sourceTree = "<group>"; };
		E57F4A5627465C5F00F25ACB /* ContentView.swift */ = {isa = PBXFileReference; lastKnownFileType = sourcecode.swift; path = ContentView.swift; sourceTree = "<group>"; };
		E57F4A5827465C6000F25ACB /* Assets.xcassets */ = {isa = PBXFileReference; lastKnownFileType = folder.assetcatalog; path = Assets.xcassets; sourceTree = "<group>"; };
		E57F4A5B27465C6000F25ACB /* Preview Assets.xcassets */ = {isa = PBXFileReference; lastKnownFileType = folder.assetcatalog; path = "Preview Assets.xcassets"; sourceTree = "<group>"; };
		E57F4A6727465D8200F25ACB /* ProperyList.swift */ = {isa = PBXFileReference; lastKnownFileType = sourcecode.swift; path = ProperyList.swift; sourceTree = "<group>"; };
		E57F4A6A27465EDE00F25ACB /* Theme.swift */ = {isa = PBXFileReference; lastKnownFileType = sourcecode.swift; path = Theme.swift; sourceTree = "<group>"; };
		E57F4A6D2746657F00F25ACB /* PropertyItem.swift */ = {isa = PBXFileReference; lastKnownFileType = sourcecode.swift; path = PropertyItem.swift; sourceTree = "<group>"; };
		E57F4A6F2746687600F25ACB /* PropertyList+Reducer.swift */ = {isa = PBXFileReference; lastKnownFileType = sourcecode.swift; path = "PropertyList+Reducer.swift"; sourceTree = "<group>"; };
/* End PBXFileReference section */

/* Begin PBXFrameworksBuildPhase section */
		E57F4A4E27465C5F00F25ACB /* Frameworks */ = {
			isa = PBXFrameworksBuildPhase;
			buildActionMask = 2147483647;
			files = (
				E57F4A6427465CCF00F25ACB /* ComposableArchitecture in Frameworks */,
			);
			runOnlyForDeploymentPostprocessing = 0;
		};
/* End PBXFrameworksBuildPhase section */

/* Begin PBXGroup section */
		E57F4A4827465C5F00F25ACB = {
			isa = PBXGroup;
			children = (
				E57F4A5327465C5F00F25ACB /* REO */,
				E57F4A5227465C5F00F25ACB /* Products */,
			);
			sourceTree = "<group>";
		};
		E57F4A5227465C5F00F25ACB /* Products */ = {
			isa = PBXGroup;
			children = (
				E57F4A5127465C5F00F25ACB /* REO.app */,
			);
			name = Products;
			sourceTree = "<group>";
		};
		E57F4A5327465C5F00F25ACB /* REO */ = {
			isa = PBXGroup;
			children = (
				E57F4A6927465ED300F25ACB /* Resource */,
				E57F4A6527465D6D00F25ACB /* Module */,
				E57F4A5427465C5F00F25ACB /* REOApp.swift */,
				E57F4A5627465C5F00F25ACB /* ContentView.swift */,
				E57F4A5827465C6000F25ACB /* Assets.xcassets */,
				E57F4A5A27465C6000F25ACB /* Preview Content */,
			);
			path = REO;
			sourceTree = "<group>";
		};
		E57F4A5A27465C6000F25ACB /* Preview Content */ = {
			isa = PBXGroup;
			children = (
				E57F4A5B27465C6000F25ACB /* Preview Assets.xcassets */,
			);
			path = "Preview Content";
			sourceTree = "<group>";
		};
		E57F4A6527465D6D00F25ACB /* Module */ = {
			isa = PBXGroup;
			children = (
				E57F4A6627465D7300F25ACB /* ProperyList */,
			);
			path = Module;
			sourceTree = "<group>";
		};
		E57F4A6627465D7300F25ACB /* ProperyList */ = {
			isa = PBXGroup;
			children = (
				E57F4A6C2746656900F25ACB /* PropertyItem */,
				E57F4A6727465D8200F25ACB /* ProperyList.swift */,
				E57F4A6F2746687600F25ACB /* PropertyList+Reducer.swift */,
			);
			path = ProperyList;
			sourceTree = "<group>";
		};
		E57F4A6927465ED300F25ACB /* Resource */ = {
			isa = PBXGroup;
			children = (
				E57F4A6A27465EDE00F25ACB /* Theme.swift */,
			);
			path = Resource;
			sourceTree = "<group>";
		};
		E57F4A6C2746656900F25ACB /* PropertyItem */ = {
			isa = PBXGroup;
			children = (
				E57F4A6D2746657F00F25ACB /* PropertyItem.swift */,
			);
			path = PropertyItem;
			sourceTree = "<group>";
		};
/* End PBXGroup section */

/* Begin PBXNativeTarget section */
		E57F4A5027465C5F00F25ACB /* REO */ = {
			isa = PBXNativeTarget;
			buildConfigurationList = E57F4A5F27465C6000F25ACB /* Build configuration list for PBXNativeTarget "REO" */;
			buildPhases = (
				E57F4A4D27465C5F00F25ACB /* Sources */,
				E57F4A4E27465C5F00F25ACB /* Frameworks */,
				E57F4A4F27465C5F00F25ACB /* Resources */,
			);
			buildRules = (
			);
			dependencies = (
			);
			name = REO;
			packageProductDependencies = (
				E57F4A6327465CCF00F25ACB /* ComposableArchitecture */,
			);
			productName = REO;
			productReference = E57F4A5127465C5F00F25ACB /* REO.app */;
			productType = "com.apple.product-type.application";
		};
/* End PBXNativeTarget section */

/* Begin PBXProject section */
		E57F4A4927465C5F00F25ACB /* Project object */ = {
			isa = PBXProject;
			attributes = {
				BuildIndependentTargetsInParallel = 1;
				LastSwiftUpdateCheck = 1310;
				LastUpgradeCheck = 1310;
				TargetAttributes = {
					E57F4A5027465C5F00F25ACB = {
						CreatedOnToolsVersion = 13.1;
					};
				};
			};
			buildConfigurationList = E57F4A4C27465C5F00F25ACB /* Build configuration list for PBXProject "REO" */;
			compatibilityVersion = "Xcode 13.0";
			developmentRegion = en;
			hasScannedForEncodings = 0;
			knownRegions = (
				en,
				Base,
			);
			mainGroup = E57F4A4827465C5F00F25ACB;
			packageReferences = (
				E57F4A6227465CCF00F25ACB /* XCRemoteSwiftPackageReference "swift-composable-architecture" */,
			);
			productRefGroup = E57F4A5227465C5F00F25ACB /* Products */;
			projectDirPath = "";
			projectRoot = "";
			targets = (
				E57F4A5027465C5F00F25ACB /* REO */,
			);
		};
/* End PBXProject section */

/* Begin PBXResourcesBuildPhase section */
		E57F4A4F27465C5F00F25ACB /* Resources */ = {
			isa = PBXResourcesBuildPhase;
			buildActionMask = 2147483647;
			files = (
				E57F4A5C27465C6000F25ACB /* Preview Assets.xcassets in Resources */,
				E57F4A5927465C6000F25ACB /* Assets.xcassets in Resources */,
			);
			runOnlyForDeploymentPostprocessing = 0;
		};
/* End PBXResourcesBuildPhase section */

/* Begin PBXSourcesBuildPhase section */
		E57F4A4D27465C5F00F25ACB /* Sources */ = {
			isa = PBXSourcesBuildPhase;
			buildActionMask = 2147483647;
			files = (
				E57F4A5727465C5F00F25ACB /* ContentView.swift in Sources */,
				E57F4A6B27465EDE00F25ACB /* Theme.swift in Sources */,
				E57F4A6827465D8200F25ACB /* ProperyList.swift in Sources */,
				E57F4A702746687600F25ACB /* PropertyList+Reducer.swift in Sources */,
				E57F4A5527465C5F00F25ACB /* REOApp.swift in Sources */,
				E57F4A6E2746657F00F25ACB /* PropertyItem.swift in Sources */,
			);
			runOnlyForDeploymentPostprocessing = 0;
		};
/* End PBXSourcesBuildPhase section */

/* Begin XCBuildConfiguration section */
		E57F4A5D27465C6000F25ACB /* Debug */ = {
			isa = XCBuildConfiguration;
			buildSettings = {
				ALWAYS_SEARCH_USER_PATHS = NO;
				CLANG_ANALYZER_NONNULL = YES;
				CLANG_ANALYZER_NUMBER_OBJECT_CONVERSION = YES_AGGRESSIVE;
				CLANG_CXX_LANGUAGE_STANDARD = "gnu++17";
				CLANG_CXX_LIBRARY = "libc++";
				CLANG_ENABLE_MODULES = YES;
				CLANG_ENABLE_OBJC_ARC = YES;
				CLANG_ENABLE_OBJC_WEAK = YES;
				CLANG_WARN_BLOCK_CAPTURE_AUTORELEASING = YES;
				CLANG_WARN_BOOL_CONVERSION = YES;
				CLANG_WARN_COMMA = YES;
				CLANG_WARN_CONSTANT_CONVERSION = YES;
				CLANG_WARN_DEPRECATED_OBJC_IMPLEMENTATIONS = YES;
				CLANG_WARN_DIRECT_OBJC_ISA_USAGE = YES_ERROR;
				CLANG_WARN_DOCUMENTATION_COMMENTS = YES;
				CLANG_WARN_EMPTY_BODY = YES;
				CLANG_WARN_ENUM_CONVERSION = YES;
				CLANG_WARN_INFINITE_RECURSION = YES;
				CLANG_WARN_INT_CONVERSION = YES;
				CLANG_WARN_NON_LITERAL_NULL_CONVERSION = YES;
				CLANG_WARN_OBJC_IMPLICIT_RETAIN_SELF = YES;
				CLANG_WARN_OBJC_LITERAL_CONVERSION = YES;
				CLANG_WARN_OBJC_ROOT_CLASS = YES_ERROR;
				CLANG_WARN_QUOTED_INCLUDE_IN_FRAMEWORK_HEADER = YES;
				CLANG_WARN_RANGE_LOOP_ANALYSIS = YES;
				CLANG_WARN_STRICT_PROTOTYPES = YES;
				CLANG_WARN_SUSPICIOUS_MOVE = YES;
				CLANG_WARN_UNGUARDED_AVAILABILITY = YES_AGGRESSIVE;
				CLANG_WARN_UNREACHABLE_CODE = YES;
				CLANG_WARN__DUPLICATE_METHOD_MATCH = YES;
				COPY_PHASE_STRIP = NO;
				DEBUG_INFORMATION_FORMAT = dwarf;
				ENABLE_STRICT_OBJC_MSGSEND = YES;
				ENABLE_TESTABILITY = YES;
				GCC_C_LANGUAGE_STANDARD = gnu11;
				GCC_DYNAMIC_NO_PIC = NO;
				GCC_NO_COMMON_BLOCKS = YES;
				GCC_OPTIMIZATION_LEVEL = 0;
				GCC_PREPROCESSOR_DEFINITIONS = (
					"DEBUG=1",
					"$(inherited)",
				);
				GCC_WARN_64_TO_32_BIT_CONVERSION = YES;
				GCC_WARN_ABOUT_RETURN_TYPE = YES_ERROR;
				GCC_WARN_UNDECLARED_SELECTOR = YES;
				GCC_WARN_UNINITIALIZED_AUTOS = YES_AGGRESSIVE;
				GCC_WARN_UNUSED_FUNCTION = YES;
				GCC_WARN_UNUSED_VARIABLE = YES;
				IPHONEOS_DEPLOYMENT_TARGET = 15.0;
				MTL_ENABLE_DEBUG_INFO = INCLUDE_SOURCE;
				MTL_FAST_MATH = YES;
				ONLY_ACTIVE_ARCH = YES;
				SDKROOT = iphoneos;
				SWIFT_ACTIVE_COMPILATION_CONDITIONS = DEBUG;
				SWIFT_OPTIMIZATION_LEVEL = "-Onone";
			};
			name = Debug;
		};
		E57F4A5E27465C6000F25ACB /* Release */ = {
			isa = XCBuildConfiguration;
			buildSettings = {
				ALWAYS_SEARCH_USER_PATHS = NO;
				CLANG_ANALYZER_NONNULL = YES;
				CLANG_ANALYZER_NUMBER_OBJECT_CONVERSION = YES_AGGRESSIVE;
				CLANG_CXX_LANGUAGE_STANDARD = "gnu++17";
				CLANG_CXX_LIBRARY = "libc++";
				CLANG_ENABLE_MODULES = YES;
				CLANG_ENABLE_OBJC_ARC = YES;
				CLANG_ENABLE_OBJC_WEAK = YES;
				CLANG_WARN_BLOCK_CAPTURE_AUTORELEASING = YES;
				CLANG_WARN_BOOL_CONVERSION = YES;
				CLANG_WARN_COMMA = YES;
				CLANG_WARN_CONSTANT_CONVERSION = YES;
				CLANG_WARN_DEPRECATED_OBJC_IMPLEMENTATIONS = YES;
				CLANG_WARN_DIRECT_OBJC_ISA_USAGE = YES_ERROR;
				CLANG_WARN_DOCUMENTATION_COMMENTS = YES;
				CLANG_WARN_EMPTY_BODY = YES;
				CLANG_WARN_ENUM_CONVERSION = YES;
				CLANG_WARN_INFINITE_RECURSION = YES;
				CLANG_WARN_INT_CONVERSION = YES;
				CLANG_WARN_NON_LITERAL_NULL_CONVERSION = YES;
				CLANG_WARN_OBJC_IMPLICIT_RETAIN_SELF = YES;
				CLANG_WARN_OBJC_LITERAL_CONVERSION = YES;
				CLANG_WARN_OBJC_ROOT_CLASS = YES_ERROR;
				CLANG_WARN_QUOTED_INCLUDE_IN_FRAMEWORK_HEADER = YES;
				CLANG_WARN_RANGE_LOOP_ANALYSIS = YES;
				CLANG_WARN_STRICT_PROTOTYPES = YES;
				CLANG_WARN_SUSPICIOUS_MOVE = YES;
				CLANG_WARN_UNGUARDED_AVAILABILITY = YES_AGGRESSIVE;
				CLANG_WARN_UNREACHABLE_CODE = YES;
				CLANG_WARN__DUPLICATE_METHOD_MATCH = YES;
				COPY_PHASE_STRIP = NO;
				DEBUG_INFORMATION_FORMAT = "dwarf-with-dsym";
				ENABLE_NS_ASSERTIONS = NO;
				ENABLE_STRICT_OBJC_MSGSEND = YES;
				GCC_C_LANGUAGE_STANDARD = gnu11;
				GCC_NO_COMMON_BLOCKS = YES;
				GCC_WARN_64_TO_32_BIT_CONVERSION = YES;
				GCC_WARN_ABOUT_RETURN_TYPE = YES_ERROR;
				GCC_WARN_UNDECLARED_SELECTOR = YES;
				GCC_WARN_UNINITIALIZED_AUTOS = YES_AGGRESSIVE;
				GCC_WARN_UNUSED_FUNCTION = YES;
				GCC_WARN_UNUSED_VARIABLE = YES;
				IPHONEOS_DEPLOYMENT_TARGET = 15.0;
				MTL_ENABLE_DEBUG_INFO = NO;
				MTL_FAST_MATH = YES;
				SDKROOT = iphoneos;
				SWIFT_COMPILATION_MODE = wholemodule;
				SWIFT_OPTIMIZATION_LEVEL = "-O";
				VALIDATE_PRODUCT = YES;
			};
			name = Release;
		};
		E57F4A6027465C6000F25ACB /* Debug */ = {
			isa = XCBuildConfiguration;
			buildSettings = {
				ASSETCATALOG_COMPILER_APPICON_NAME = AppIcon;
				ASSETCATALOG_COMPILER_GLOBAL_ACCENT_COLOR_NAME = AccentColor;
				CODE_SIGN_STYLE = Automatic;
				CURRENT_PROJECT_VERSION = 1;
				DEVELOPMENT_ASSET_PATHS = "\"REO/Preview Content\"";
				DEVELOPMENT_TEAM = V54G9YU46B;
				ENABLE_PREVIEWS = YES;
				GENERATE_INFOPLIST_FILE = YES;
				INFOPLIST_KEY_UIApplicationSceneManifest_Generation = YES;
				INFOPLIST_KEY_UIApplicationSupportsIndirectInputEvents = YES;
				INFOPLIST_KEY_UILaunchScreen_Generation = YES;
				INFOPLIST_KEY_UISupportedInterfaceOrientations_iPad = "UIInterfaceOrientationPortrait UIInterfaceOrientationPortraitUpsideDown UIInterfaceOrientationLandscapeLeft UIInterfaceOrientationLandscapeRight";
				INFOPLIST_KEY_UISupportedInterfaceOrientations_iPhone = "UIInterfaceOrientationPortrait UIInterfaceOrientationLandscapeLeft UIInterfaceOrientationLandscapeRight";
				LD_RUNPATH_SEARCH_PATHS = (
					"$(inherited)",
					"@executable_path/Frameworks",
				);
				MARKETING_VERSION = 1.0;
				PRODUCT_BUNDLE_IDENTIFIER = com.test.reo.REO;
				PRODUCT_NAME = "$(TARGET_NAME)";
				SWIFT_EMIT_LOC_STRINGS = YES;
				SWIFT_VERSION = 5.0;
				TARGETED_DEVICE_FAMILY = "1,2";
			};
			name = Debug;
		};
		E57F4A6127465C6000F25ACB /* Release */ = {
			isa = XCBuildConfiguration;
			buildSettings = {
				ASSETCATALOG_COMPILER_APPICON_NAME = AppIcon;
				ASSETCATALOG_COMPILER_GLOBAL_ACCENT_COLOR_NAME = AccentColor;
				CODE_SIGN_STYLE = Automatic;
				CURRENT_PROJECT_VERSION = 1;
				DEVELOPMENT_ASSET_PATHS = "\"REO/Preview Content\"";
				DEVELOPMENT_TEAM = V54G9YU46B;
				ENABLE_PREVIEWS = YES;
				GENERATE_INFOPLIST_FILE = YES;
				INFOPLIST_KEY_UIApplicationSceneManifest_Generation = YES;
				INFOPLIST_KEY_UIApplicationSupportsIndirectInputEvents = YES;
				INFOPLIST_KEY_UILaunchScreen_Generation = YES;
				INFOPLIST_KEY_UISupportedInterfaceOrientations_iPad = "UIInterfaceOrientationPortrait UIInterfaceOrientationPortraitUpsideDown UIInterfaceOrientationLandscapeLeft UIInterfaceOrientationLandscapeRight";
				INFOPLIST_KEY_UISupportedInterfaceOrientations_iPhone = "UIInterfaceOrientationPortrait UIInterfaceOrientationLandscapeLeft UIInterfaceOrientationLandscapeRight";
				LD_RUNPATH_SEARCH_PATHS = (
					"$(inherited)",
					"@executable_path/Frameworks",
				);
				MARKETING_VERSION = 1.0;
				PRODUCT_BUNDLE_IDENTIFIER = com.test.reo.REO;
				PRODUCT_NAME = "$(TARGET_NAME)";
				SWIFT_EMIT_LOC_STRINGS = YES;
				SWIFT_VERSION = 5.0;
				TARGETED_DEVICE_FAMILY = "1,2";
			};
			name = Release;
		};
/* End XCBuildConfiguration section */

/* Begin XCConfigurationList section */
		E57F4A4C27465C5F00F25ACB /* Build configuration list for PBXProject "REO" */ = {
			isa = XCConfigurationList;
			buildConfigurations = (
				E57F4A5D27465C6000F25ACB /* Debug */,
				E57F4A5E27465C6000F25ACB /* Release */,
			);
			defaultConfigurationIsVisible = 0;
			defaultConfigurationName = Release;
		};
		E57F4A5F27465C6000F25ACB /* Build configuration list for PBXNativeTarget "REO" */ = {
			isa = XCConfigurationList;
			buildConfigurations = (
				E57F4A6027465C6000F25ACB /* Debug */,
				E57F4A6127465C6000F25ACB /* Release */,
			);
			defaultConfigurationIsVisible = 0;
			defaultConfigurationName = Release;
		};
/* End XCConfigurationList section */

/* Begin XCRemoteSwiftPackageReference section */
		E57F4A6227465CCF00F25ACB /* XCRemoteSwiftPackageReference "swift-composable-architecture" */ = {
			isa = XCRemoteSwiftPackageReference;
			repositoryURL = "https://github.com/pointfreeco/swift-composable-architecture";
			requirement = {
				branch = main;
				kind = branch;
			};
		};
/* End XCRemoteSwiftPackageReference section */

/* Begin XCSwiftPackageProductDependency section */
		E57F4A6327465CCF00F25ACB /* ComposableArchitecture */ = {
			isa = XCSwiftPackageProductDependency;
			package = E57F4A6227465CCF00F25ACB /* XCRemoteSwiftPackageReference "swift-composable-architecture" */;
			productName = ComposableArchitecture;
		};
/* End XCSwiftPackageProductDependency section */
	};
	rootObject = E57F4A4927465C5F00F25ACB /* Project object */;
}
